// !$*UTF8*$!
{
	archiveVersion = 1;
	classes = {
	};
	objectVersion = 56;
	objects = {

/* Begin PBXBuildFile section */
		087111372B728F8F0054E315 /* ModalType.swift in Sources */ = {isa = PBXBuildFile; fileRef = 087111362B728F8F0054E315 /* ModalType.swift */; };
		0871113A2B72AD830054E315 /* Model.xcdatamodeld in Sources */ = {isa = PBXBuildFile; fileRef = 087111382B72AD830054E315 /* Model.xcdatamodeld */; };
		0871113D2B7306C20054E315 /* ColorManager.swift in Sources */ = {isa = PBXBuildFile; fileRef = 0871113C2B7306C20054E315 /* ColorManager.swift */; };
		087111412B7405990054E315 /* WorkoutDetailsInput.swift in Sources */ = {isa = PBXBuildFile; fileRef = 087111402B7405990054E315 /* WorkoutDetailsInput.swift */; };
		087111722B77B3120054E315 /* WorkoutOverviewView.swift in Sources */ = {isa = PBXBuildFile; fileRef = 087111712B77B3120054E315 /* WorkoutOverviewView.swift */; };
		087111A42B77BADE0054E315 /* WorkoutNavigationContext.swift in Sources */ = {isa = PBXBuildFile; fileRef = 087111A32B77BADE0054E315 /* WorkoutNavigationContext.swift */; };
		087111A62B77C32D0054E315 /* AppViewModel.swift in Sources */ = {isa = PBXBuildFile; fileRef = 087111A52B77C32D0054E315 /* AppViewModel.swift */; };
		087111A82B77C6DF0054E315 /* WorkoutInfo.swift in Sources */ = {isa = PBXBuildFile; fileRef = 087111A72B77C6DF0054E315 /* WorkoutInfo.swift */; };
		087111AA2B77CA170054E315 /* WorkoutTrackerContentView.swift in Sources */ = {isa = PBXBuildFile; fileRef = 087111A92B77CA170054E315 /* WorkoutTrackerContentView.swift */; };
		087111AD2B77E9EC0054E315 /* CustomTabView.swift in Sources */ = {isa = PBXBuildFile; fileRef = 087111AC2B77E9EC0054E315 /* CustomTabView.swift */; };
		087111AF2B77EAF20054E315 /* HomeContentView.swift in Sources */ = {isa = PBXBuildFile; fileRef = 087111AE2B77EAF20054E315 /* HomeContentView.swift */; };
		08B3CF232B791FB8002F5C92 /* DataCardView.swift in Sources */ = {isa = PBXBuildFile; fileRef = 08B3CF222B791FB8002F5C92 /* DataCardView.swift */; };
		08B3CF512B7BC611002F5C92 /* ConfettiSwiftUI in Frameworks */ = {isa = PBXBuildFile; productRef = 08B3CF502B7BC611002F5C92 /* ConfettiSwiftUI */; };
		08B3CF7B2B7BDD0C002F5C92 /* AddExerciseDialog.swift in Sources */ = {isa = PBXBuildFile; fileRef = 08B3CF7A2B7BDD0C002F5C92 /* AddExerciseDialog.swift */; };
		08B3CF7F2B7C088F002F5C92 /* SetHeaders.swift in Sources */ = {isa = PBXBuildFile; fileRef = 08B3CF7E2B7C088F002F5C92 /* SetHeaders.swift */; };
		08B3CF812B7C08B4002F5C92 /* LiftingSetRow.swift in Sources */ = {isa = PBXBuildFile; fileRef = 08B3CF802B7C08B4002F5C92 /* LiftingSetRow.swift */; };
		08B3CF832B7C08D0002F5C92 /* CardioSetRow.swift in Sources */ = {isa = PBXBuildFile; fileRef = 08B3CF822B7C08D0002F5C92 /* CardioSetRow.swift */; };
		08B3CF852B7C1D84002F5C92 /* ActiveWorkoutView.swift in Sources */ = {isa = PBXBuildFile; fileRef = 08B3CF842B7C1D84002F5C92 /* ActiveWorkoutView.swift */; };
		08B3CF872B7C2252002F5C92 /* CardioSetRowsActive.swift in Sources */ = {isa = PBXBuildFile; fileRef = 08B3CF862B7C2252002F5C92 /* CardioSetRowsActive.swift */; };
		08B3CF892B7C2260002F5C92 /* LiftingSetRowActive.swift in Sources */ = {isa = PBXBuildFile; fileRef = 08B3CF882B7C2260002F5C92 /* LiftingSetRowActive.swift */; };
		08B3CFDA2B7D9567002F5C92 /* WorkoutSession+CoreDataClass.swift in Sources */ = {isa = PBXBuildFile; fileRef = 08B3CFCE2B7D9567002F5C92 /* WorkoutSession+CoreDataClass.swift */; };
		08B3CFDB2B7D9567002F5C92 /* WorkoutSession+CoreDataProperties.swift in Sources */ = {isa = PBXBuildFile; fileRef = 08B3CFCF2B7D9567002F5C92 /* WorkoutSession+CoreDataProperties.swift */; };
		08B3CFDC2B7D9567002F5C92 /* WorkoutSet+CoreDataClass.swift in Sources */ = {isa = PBXBuildFile; fileRef = 08B3CFD02B7D9567002F5C92 /* WorkoutSet+CoreDataClass.swift */; };
		08B3CFDD2B7D9567002F5C92 /* WorkoutSet+CoreDataProperties.swift in Sources */ = {isa = PBXBuildFile; fileRef = 08B3CFD12B7D9567002F5C92 /* WorkoutSet+CoreDataProperties.swift */; };
		08B3CFDE2B7D9567002F5C92 /* TemporaryWorkoutDetail+CoreDataClass.swift in Sources */ = {isa = PBXBuildFile; fileRef = 08B3CFD22B7D9567002F5C92 /* TemporaryWorkoutDetail+CoreDataClass.swift */; };
		08B3CFDF2B7D9567002F5C92 /* TemporaryWorkoutDetail+CoreDataProperties.swift in Sources */ = {isa = PBXBuildFile; fileRef = 08B3CFD32B7D9567002F5C92 /* TemporaryWorkoutDetail+CoreDataProperties.swift */; };
		08B3CFE02B7D9567002F5C92 /* WorkoutDetail+CoreDataClass.swift in Sources */ = {isa = PBXBuildFile; fileRef = 08B3CFD42B7D9567002F5C92 /* WorkoutDetail+CoreDataClass.swift */; };
		08B3CFE12B7D9567002F5C92 /* WorkoutDetail+CoreDataProperties.swift in Sources */ = {isa = PBXBuildFile; fileRef = 08B3CFD52B7D9567002F5C92 /* WorkoutDetail+CoreDataProperties.swift */; };
		08B3CFE22B7D9567002F5C92 /* WorkoutHistory+CoreDataClass.swift in Sources */ = {isa = PBXBuildFile; fileRef = 08B3CFD62B7D9567002F5C92 /* WorkoutHistory+CoreDataClass.swift */; };
		08B3CFE32B7D9567002F5C92 /* WorkoutHistory+CoreDataProperties.swift in Sources */ = {isa = PBXBuildFile; fileRef = 08B3CFD72B7D9567002F5C92 /* WorkoutHistory+CoreDataProperties.swift */; };
		08B3CFE42B7D9567002F5C92 /* Workouts+CoreDataClass.swift in Sources */ = {isa = PBXBuildFile; fileRef = 08B3CFD82B7D9567002F5C92 /* Workouts+CoreDataClass.swift */; };
		08B3CFE52B7D9567002F5C92 /* Workouts+CoreDataProperties.swift in Sources */ = {isa = PBXBuildFile; fileRef = 08B3CFD92B7D9567002F5C92 /* Workouts+CoreDataProperties.swift */; };
		08B3CFE72B7E6E40002F5C92 /* FocusManager.swift in Sources */ = {isa = PBXBuildFile; fileRef = 08B3CFE62B7E6E40002F5C92 /* FocusManager.swift */; };
		08B3CFEA2B7E9FA6002F5C92 /* TimeHelper.swift in Sources */ = {isa = PBXBuildFile; fileRef = 08B3CFE92B7E9FA6002F5C92 /* TimeHelper.swift */; };
		08B78FF02B6DBA370002DA68 /* FlexSprinkleApp.swift in Sources */ = {isa = PBXBuildFile; fileRef = 08B78FEF2B6DBA370002DA68 /* FlexSprinkleApp.swift */; };
		08B78FF22B6DBA370002DA68 /* HomeView.swift in Sources */ = {isa = PBXBuildFile; fileRef = 08B78FF12B6DBA370002DA68 /* HomeView.swift */; };
		08B78FF42B6DBA390002DA68 /* Assets.xcassets in Resources */ = {isa = PBXBuildFile; fileRef = 08B78FF32B6DBA390002DA68 /* Assets.xcassets */; };
		08B78FF82B6DBA390002DA68 /* Preview Assets.xcassets in Resources */ = {isa = PBXBuildFile; fileRef = 08B78FF72B6DBA390002DA68 /* Preview Assets.xcassets */; };
		08B7901B2B6DC28F0002DA68 /* CardView.swift in Sources */ = {isa = PBXBuildFile; fileRef = 08B7901A2B6DC28F0002DA68 /* CardView.swift */; };
		08B7901E2B6E8F8D0002DA68 /* SettingsView.swift in Sources */ = {isa = PBXBuildFile; fileRef = 08B7901D2B6E8F8D0002DA68 /* SettingsView.swift */; };
		08B790202B6E91010002DA68 /* WorkoutTrackerMainView.swift in Sources */ = {isa = PBXBuildFile; fileRef = 08B7901F2B6E91010002DA68 /* WorkoutTrackerMainView.swift */; };
		08B790222B6E911D0002DA68 /* NutritionHelperMainView.swift in Sources */ = {isa = PBXBuildFile; fileRef = 08B790212B6E911D0002DA68 /* NutritionHelperMainView.swift */; };
		08B790272B7079C90002DA68 /* DatePickerView.swift in Sources */ = {isa = PBXBuildFile; fileRef = 08B790262B7079C90002DA68 /* DatePickerView.swift */; };
		08B7902B2B7090870002DA68 /* AddWorkoutView.swift in Sources */ = {isa = PBXBuildFile; fileRef = 08B7902A2B7090870002DA68 /* AddWorkoutView.swift */; };
		08B790312B7138F70002DA68 /* WorkoutManager.swift in Sources */ = {isa = PBXBuildFile; fileRef = 08B790302B7138F70002DA68 /* WorkoutManager.swift */; };
/* End PBXBuildFile section */

/* Begin PBXContainerItemProxy section */
		08B78FFE2B6DBA390002DA68 /* PBXContainerItemProxy */ = {
			isa = PBXContainerItemProxy;
			containerPortal = 08B78FE42B6DBA370002DA68 /* Project object */;
			proxyType = 1;
			remoteGlobalIDString = 08B78FEB2B6DBA370002DA68;
			remoteInfo = FlexSprinkle;
		};
		08B790082B6DBA390002DA68 /* PBXContainerItemProxy */ = {
			isa = PBXContainerItemProxy;
			containerPortal = 08B78FE42B6DBA370002DA68 /* Project object */;
			proxyType = 1;
			remoteGlobalIDString = 08B78FEB2B6DBA370002DA68;
			remoteInfo = FlexSprinkle;
		};
/* End PBXContainerItemProxy section */

/* Begin PBXFileReference section */
		087111362B728F8F0054E315 /* ModalType.swift */ = {isa = PBXFileReference; lastKnownFileType = sourcecode.swift; path = ModalType.swift; sourceTree = "<group>"; };
		087111392B72AD830054E315 /* Model.xcdatamodel */ = {isa = PBXFileReference; lastKnownFileType = wrapper.xcdatamodel; path = Model.xcdatamodel; sourceTree = "<group>"; };
		0871113C2B7306C20054E315 /* ColorManager.swift */ = {isa = PBXFileReference; lastKnownFileType = sourcecode.swift; path = ColorManager.swift; sourceTree = "<group>"; };
		087111402B7405990054E315 /* WorkoutDetailsInput.swift */ = {isa = PBXFileReference; lastKnownFileType = sourcecode.swift; path = WorkoutDetailsInput.swift; sourceTree = "<group>"; };
		087111712B77B3120054E315 /* WorkoutOverviewView.swift */ = {isa = PBXFileReference; lastKnownFileType = sourcecode.swift; path = WorkoutOverviewView.swift; sourceTree = "<group>"; };
		087111A32B77BADE0054E315 /* WorkoutNavigationContext.swift */ = {isa = PBXFileReference; lastKnownFileType = sourcecode.swift; path = WorkoutNavigationContext.swift; sourceTree = "<group>"; };
		087111A52B77C32D0054E315 /* AppViewModel.swift */ = {isa = PBXFileReference; lastKnownFileType = sourcecode.swift; path = AppViewModel.swift; sourceTree = "<group>"; };
		087111A72B77C6DF0054E315 /* WorkoutInfo.swift */ = {isa = PBXFileReference; lastKnownFileType = sourcecode.swift; path = WorkoutInfo.swift; sourceTree = "<group>"; };
		087111A92B77CA170054E315 /* WorkoutTrackerContentView.swift */ = {isa = PBXFileReference; lastKnownFileType = sourcecode.swift; path = WorkoutTrackerContentView.swift; sourceTree = "<group>"; };
		087111AC2B77E9EC0054E315 /* CustomTabView.swift */ = {isa = PBXFileReference; lastKnownFileType = sourcecode.swift; path = CustomTabView.swift; sourceTree = "<group>"; };
		087111AE2B77EAF20054E315 /* HomeContentView.swift */ = {isa = PBXFileReference; lastKnownFileType = sourcecode.swift; path = HomeContentView.swift; sourceTree = "<group>"; };
		08B3CF222B791FB8002F5C92 /* DataCardView.swift */ = {isa = PBXFileReference; lastKnownFileType = sourcecode.swift; path = DataCardView.swift; sourceTree = "<group>"; };
		08B3CF7A2B7BDD0C002F5C92 /* AddExerciseDialog.swift */ = {isa = PBXFileReference; lastKnownFileType = sourcecode.swift; path = AddExerciseDialog.swift; sourceTree = "<group>"; };
		08B3CF7E2B7C088F002F5C92 /* SetHeaders.swift */ = {isa = PBXFileReference; lastKnownFileType = sourcecode.swift; path = SetHeaders.swift; sourceTree = "<group>"; };
		08B3CF802B7C08B4002F5C92 /* LiftingSetRow.swift */ = {isa = PBXFileReference; lastKnownFileType = sourcecode.swift; path = LiftingSetRow.swift; sourceTree = "<group>"; };
		08B3CF822B7C08D0002F5C92 /* CardioSetRow.swift */ = {isa = PBXFileReference; lastKnownFileType = sourcecode.swift; path = CardioSetRow.swift; sourceTree = "<group>"; };
		08B3CF842B7C1D84002F5C92 /* ActiveWorkoutView.swift */ = {isa = PBXFileReference; lastKnownFileType = sourcecode.swift; path = ActiveWorkoutView.swift; sourceTree = "<group>"; };
		08B3CF862B7C2252002F5C92 /* CardioSetRowsActive.swift */ = {isa = PBXFileReference; lastKnownFileType = sourcecode.swift; path = CardioSetRowsActive.swift; sourceTree = "<group>"; };
		08B3CF882B7C2260002F5C92 /* LiftingSetRowActive.swift */ = {isa = PBXFileReference; lastKnownFileType = sourcecode.swift; path = LiftingSetRowActive.swift; sourceTree = "<group>"; };
		08B3CFCE2B7D9567002F5C92 /* WorkoutSession+CoreDataClass.swift */ = {isa = PBXFileReference; lastKnownFileType = sourcecode.swift; path = "WorkoutSession+CoreDataClass.swift"; sourceTree = "<group>"; };
		08B3CFCF2B7D9567002F5C92 /* WorkoutSession+CoreDataProperties.swift */ = {isa = PBXFileReference; lastKnownFileType = sourcecode.swift; path = "WorkoutSession+CoreDataProperties.swift"; sourceTree = "<group>"; };
		08B3CFD02B7D9567002F5C92 /* WorkoutSet+CoreDataClass.swift */ = {isa = PBXFileReference; lastKnownFileType = sourcecode.swift; path = "WorkoutSet+CoreDataClass.swift"; sourceTree = "<group>"; };
		08B3CFD12B7D9567002F5C92 /* WorkoutSet+CoreDataProperties.swift */ = {isa = PBXFileReference; lastKnownFileType = sourcecode.swift; path = "WorkoutSet+CoreDataProperties.swift"; sourceTree = "<group>"; };
		08B3CFD22B7D9567002F5C92 /* TemporaryWorkoutDetail+CoreDataClass.swift */ = {isa = PBXFileReference; lastKnownFileType = sourcecode.swift; path = "TemporaryWorkoutDetail+CoreDataClass.swift"; sourceTree = "<group>"; };
		08B3CFD32B7D9567002F5C92 /* TemporaryWorkoutDetail+CoreDataProperties.swift */ = {isa = PBXFileReference; lastKnownFileType = sourcecode.swift; path = "TemporaryWorkoutDetail+CoreDataProperties.swift"; sourceTree = "<group>"; };
		08B3CFD42B7D9567002F5C92 /* WorkoutDetail+CoreDataClass.swift */ = {isa = PBXFileReference; lastKnownFileType = sourcecode.swift; path = "WorkoutDetail+CoreDataClass.swift"; sourceTree = "<group>"; };
		08B3CFD52B7D9567002F5C92 /* WorkoutDetail+CoreDataProperties.swift */ = {isa = PBXFileReference; lastKnownFileType = sourcecode.swift; path = "WorkoutDetail+CoreDataProperties.swift"; sourceTree = "<group>"; };
		08B3CFD62B7D9567002F5C92 /* WorkoutHistory+CoreDataClass.swift */ = {isa = PBXFileReference; lastKnownFileType = sourcecode.swift; path = "WorkoutHistory+CoreDataClass.swift"; sourceTree = "<group>"; };
		08B3CFD72B7D9567002F5C92 /* WorkoutHistory+CoreDataProperties.swift */ = {isa = PBXFileReference; lastKnownFileType = sourcecode.swift; path = "WorkoutHistory+CoreDataProperties.swift"; sourceTree = "<group>"; };
		08B3CFD82B7D9567002F5C92 /* Workouts+CoreDataClass.swift */ = {isa = PBXFileReference; lastKnownFileType = sourcecode.swift; path = "Workouts+CoreDataClass.swift"; sourceTree = "<group>"; };
		08B3CFD92B7D9567002F5C92 /* Workouts+CoreDataProperties.swift */ = {isa = PBXFileReference; lastKnownFileType = sourcecode.swift; path = "Workouts+CoreDataProperties.swift"; sourceTree = "<group>"; };
		08B3CFE62B7E6E40002F5C92 /* FocusManager.swift */ = {isa = PBXFileReference; lastKnownFileType = sourcecode.swift; path = FocusManager.swift; sourceTree = "<group>"; };
		08B3CFE92B7E9FA6002F5C92 /* TimeHelper.swift */ = {isa = PBXFileReference; lastKnownFileType = sourcecode.swift; path = TimeHelper.swift; sourceTree = "<group>"; };
		08B78FEC2B6DBA370002DA68 /* FlexSprinkle.app */ = {isa = PBXFileReference; explicitFileType = wrapper.application; includeInIndex = 0; path = FlexSprinkle.app; sourceTree = BUILT_PRODUCTS_DIR; };
		08B78FEF2B6DBA370002DA68 /* FlexSprinkleApp.swift */ = {isa = PBXFileReference; lastKnownFileType = sourcecode.swift; path = FlexSprinkleApp.swift; sourceTree = "<group>"; };
		08B78FF12B6DBA370002DA68 /* HomeView.swift */ = {isa = PBXFileReference; lastKnownFileType = sourcecode.swift; path = HomeView.swift; sourceTree = "<group>"; };
		08B78FF32B6DBA390002DA68 /* Assets.xcassets */ = {isa = PBXFileReference; lastKnownFileType = folder.assetcatalog; path = Assets.xcassets; sourceTree = "<group>"; };
		08B78FF52B6DBA390002DA68 /* FlexSprinkle.entitlements */ = {isa = PBXFileReference; lastKnownFileType = text.plist.entitlements; path = FlexSprinkle.entitlements; sourceTree = "<group>"; };
		08B78FF72B6DBA390002DA68 /* Preview Assets.xcassets */ = {isa = PBXFileReference; lastKnownFileType = folder.assetcatalog; path = "Preview Assets.xcassets"; sourceTree = "<group>"; };
		08B78FFD2B6DBA390002DA68 /* FlexSprinkleTests.xctest */ = {isa = PBXFileReference; explicitFileType = wrapper.cfbundle; includeInIndex = 0; path = FlexSprinkleTests.xctest; sourceTree = BUILT_PRODUCTS_DIR; };
		08B790072B6DBA390002DA68 /* FlexSprinkleUITests.xctest */ = {isa = PBXFileReference; explicitFileType = wrapper.cfbundle; includeInIndex = 0; path = FlexSprinkleUITests.xctest; sourceTree = BUILT_PRODUCTS_DIR; };
		08B7901A2B6DC28F0002DA68 /* CardView.swift */ = {isa = PBXFileReference; lastKnownFileType = sourcecode.swift; path = CardView.swift; sourceTree = "<group>"; };
		08B7901D2B6E8F8D0002DA68 /* SettingsView.swift */ = {isa = PBXFileReference; lastKnownFileType = sourcecode.swift; path = SettingsView.swift; sourceTree = "<group>"; };
		08B7901F2B6E91010002DA68 /* WorkoutTrackerMainView.swift */ = {isa = PBXFileReference; lastKnownFileType = sourcecode.swift; path = WorkoutTrackerMainView.swift; sourceTree = "<group>"; };
		08B790212B6E911D0002DA68 /* NutritionHelperMainView.swift */ = {isa = PBXFileReference; lastKnownFileType = sourcecode.swift; path = NutritionHelperMainView.swift; sourceTree = "<group>"; };
		08B790262B7079C90002DA68 /* DatePickerView.swift */ = {isa = PBXFileReference; lastKnownFileType = sourcecode.swift; path = DatePickerView.swift; sourceTree = "<group>"; };
		08B7902A2B7090870002DA68 /* AddWorkoutView.swift */ = {isa = PBXFileReference; lastKnownFileType = sourcecode.swift; path = AddWorkoutView.swift; sourceTree = "<group>"; };
		08B790302B7138F70002DA68 /* WorkoutManager.swift */ = {isa = PBXFileReference; lastKnownFileType = sourcecode.swift; path = WorkoutManager.swift; sourceTree = "<group>"; };
/* End PBXFileReference section */

/* Begin PBXFrameworksBuildPhase section */
		08B78FE92B6DBA370002DA68 /* Frameworks */ = {
			isa = PBXFrameworksBuildPhase;
			buildActionMask = 2147483647;
			files = (
				08B3CF512B7BC611002F5C92 /* ConfettiSwiftUI in Frameworks */,
			);
			runOnlyForDeploymentPostprocessing = 0;
		};
		08B78FFA2B6DBA390002DA68 /* Frameworks */ = {
			isa = PBXFrameworksBuildPhase;
			buildActionMask = 2147483647;
			files = (
			);
			runOnlyForDeploymentPostprocessing = 0;
		};
		08B790042B6DBA390002DA68 /* Frameworks */ = {
			isa = PBXFrameworksBuildPhase;
			buildActionMask = 2147483647;
			files = (
			);
			runOnlyForDeploymentPostprocessing = 0;
		};
/* End PBXFrameworksBuildPhase section */

/* Begin PBXGroup section */
		087111352B728F810054E315 /* Enums */ = {
			isa = PBXGroup;
			children = (
				087111362B728F8F0054E315 /* ModalType.swift */,
			);
			path = Enums;
			sourceTree = "<group>";
		};
		0871113B2B7306060054E315 /* Manager */ = {
			isa = PBXGroup;
			children = (
				0871113C2B7306C20054E315 /* ColorManager.swift */,
				08B3CFE62B7E6E40002F5C92 /* FocusManager.swift */,
			);
			path = Manager;
			sourceTree = "<group>";
		};
		087111442B7519900054E315 /* CoreData */ = {
			isa = PBXGroup;
			children = (
				08B3CFCE2B7D9567002F5C92 /* WorkoutSession+CoreDataClass.swift */,
				08B3CFCF2B7D9567002F5C92 /* WorkoutSession+CoreDataProperties.swift */,
				08B3CFD02B7D9567002F5C92 /* WorkoutSet+CoreDataClass.swift */,
				08B3CFD12B7D9567002F5C92 /* WorkoutSet+CoreDataProperties.swift */,
				08B3CFD22B7D9567002F5C92 /* TemporaryWorkoutDetail+CoreDataClass.swift */,
				08B3CFD32B7D9567002F5C92 /* TemporaryWorkoutDetail+CoreDataProperties.swift */,
				08B3CFD42B7D9567002F5C92 /* WorkoutDetail+CoreDataClass.swift */,
				08B3CFD52B7D9567002F5C92 /* WorkoutDetail+CoreDataProperties.swift */,
				08B3CFD62B7D9567002F5C92 /* WorkoutHistory+CoreDataClass.swift */,
				08B3CFD72B7D9567002F5C92 /* WorkoutHistory+CoreDataProperties.swift */,
				08B3CFD82B7D9567002F5C92 /* Workouts+CoreDataClass.swift */,
				08B3CFD92B7D9567002F5C92 /* Workouts+CoreDataProperties.swift */,
			);
			path = CoreData;
			sourceTree = "<group>";
		};
		087111AB2B77E9DB0054E315 /* Main */ = {
			isa = PBXGroup;
			children = (
				087111A92B77CA170054E315 /* WorkoutTrackerContentView.swift */,
				08B78FF12B6DBA370002DA68 /* HomeView.swift */,
				087111AC2B77E9EC0054E315 /* CustomTabView.swift */,
				087111AE2B77EAF20054E315 /* HomeContentView.swift */,
			);
			path = Main;
			sourceTree = "<group>";
		};
		08B3CF7C2B7C07C0002F5C92 /* ModifyWorkout */ = {
			isa = PBXGroup;
			children = (
				08B3CF7A2B7BDD0C002F5C92 /* AddExerciseDialog.swift */,
				08B7902A2B7090870002DA68 /* AddWorkoutView.swift */,
			);
			path = ModifyWorkout;
			sourceTree = "<group>";
		};
		08B3CF7D2B7C087C002F5C92 /* Shared */ = {
			isa = PBXGroup;
			children = (
				08B3CF7E2B7C088F002F5C92 /* SetHeaders.swift */,
				08B3CF802B7C08B4002F5C92 /* LiftingSetRow.swift */,
				08B3CF822B7C08D0002F5C92 /* CardioSetRow.swift */,
				08B3CF862B7C2252002F5C92 /* CardioSetRowsActive.swift */,
				08B3CF882B7C2260002F5C92 /* LiftingSetRowActive.swift */,
			);
			path = Shared;
			sourceTree = "<group>";
		};
		08B3CFE82B7E9F9A002F5C92 /* Helpers */ = {
			isa = PBXGroup;
			children = (
				08B3CFE92B7E9FA6002F5C92 /* TimeHelper.swift */,
			);
			path = Helpers;
			sourceTree = "<group>";
		};
		08B78FE32B6DBA370002DA68 = {
			isa = PBXGroup;
			children = (
				08B78FEE2B6DBA370002DA68 /* FlexSprinkle */,
				08B78FED2B6DBA370002DA68 /* Products */,
			);
			sourceTree = "<group>";
		};
		08B78FED2B6DBA370002DA68 /* Products */ = {
			isa = PBXGroup;
			children = (
				08B78FEC2B6DBA370002DA68 /* FlexSprinkle.app */,
				08B78FFD2B6DBA390002DA68 /* FlexSprinkleTests.xctest */,
				08B790072B6DBA390002DA68 /* FlexSprinkleUITests.xctest */,
			);
			name = Products;
			sourceTree = "<group>";
		};
		08B78FEE2B6DBA370002DA68 /* FlexSprinkle */ = {
			isa = PBXGroup;
			children = (
				08B3CFE82B7E9F9A002F5C92 /* Helpers */,
				0871113B2B7306060054E315 /* Manager */,
				087111352B728F810054E315 /* Enums */,
				08B790252B6E948C0002DA68 /* Controllers */,
				08B790242B6E94840002DA68 /* Models */,
				08B7901C2B6E8F230002DA68 /* Views */,
				08B78FEF2B6DBA370002DA68 /* FlexSprinkleApp.swift */,
				08B78FF32B6DBA390002DA68 /* Assets.xcassets */,
				08B78FF52B6DBA390002DA68 /* FlexSprinkle.entitlements */,
				08B78FF62B6DBA390002DA68 /* Preview Content */,
				087111382B72AD830054E315 /* Model.xcdatamodeld */,
			);
			path = FlexSprinkle;
			sourceTree = "<group>";
		};
		08B78FF62B6DBA390002DA68 /* Preview Content */ = {
			isa = PBXGroup;
			children = (
				08B78FF72B6DBA390002DA68 /* Preview Assets.xcassets */,
			);
			path = "Preview Content";
			sourceTree = "<group>";
		};
		08B7901C2B6E8F230002DA68 /* Views */ = {
			isa = PBXGroup;
			children = (
				08B7901D2B6E8F8D0002DA68 /* SettingsView.swift */,
				087111AB2B77E9DB0054E315 /* Main */,
				08B790342B7162740002DA68 /* Cards */,
				08B790292B708A370002DA68 /* NutritionHelper */,
				08B790282B708A1F0002DA68 /* WorkoutTracker */,
				08B790262B7079C90002DA68 /* DatePickerView.swift */,
			);
			path = Views;
			sourceTree = "<group>";
		};
		08B790242B6E94840002DA68 /* Models */ = {
			isa = PBXGroup;
			children = (
				087111442B7519900054E315 /* CoreData */,
				087111402B7405990054E315 /* WorkoutDetailsInput.swift */,
				087111A32B77BADE0054E315 /* WorkoutNavigationContext.swift */,
				087111A52B77C32D0054E315 /* AppViewModel.swift */,
				087111A72B77C6DF0054E315 /* WorkoutInfo.swift */,
			);
			path = Models;
			sourceTree = "<group>";
		};
		08B790252B6E948C0002DA68 /* Controllers */ = {
			isa = PBXGroup;
			children = (
				08B790302B7138F70002DA68 /* WorkoutManager.swift */,
			);
			path = Controllers;
			sourceTree = "<group>";
		};
		08B790282B708A1F0002DA68 /* WorkoutTracker */ = {
			isa = PBXGroup;
			children = (
				08B3CF7D2B7C087C002F5C92 /* Shared */,
				08B3CF7C2B7C07C0002F5C92 /* ModifyWorkout */,
				08B7901F2B6E91010002DA68 /* WorkoutTrackerMainView.swift */,
				087111712B77B3120054E315 /* WorkoutOverviewView.swift */,
				08B3CF842B7C1D84002F5C92 /* ActiveWorkoutView.swift */,
			);
			path = WorkoutTracker;
			sourceTree = "<group>";
		};
		08B790292B708A370002DA68 /* NutritionHelper */ = {
			isa = PBXGroup;
			children = (
				08B790212B6E911D0002DA68 /* NutritionHelperMainView.swift */,
			);
			path = NutritionHelper;
			sourceTree = "<group>";
		};
		08B790342B7162740002DA68 /* Cards */ = {
			isa = PBXGroup;
			children = (
				08B7901A2B6DC28F0002DA68 /* CardView.swift */,
				08B3CF222B791FB8002F5C92 /* DataCardView.swift */,
			);
			path = Cards;
			sourceTree = "<group>";
		};
/* End PBXGroup section */

/* Begin PBXNativeTarget section */
		08B78FEB2B6DBA370002DA68 /* FlexSprinkle */ = {
			isa = PBXNativeTarget;
			buildConfigurationList = 08B790112B6DBA390002DA68 /* Build configuration list for PBXNativeTarget "FlexSprinkle" */;
			buildPhases = (
				08B78FE82B6DBA370002DA68 /* Sources */,
				08B78FE92B6DBA370002DA68 /* Frameworks */,
				08B78FEA2B6DBA370002DA68 /* Resources */,
			);
			buildRules = (
			);
			dependencies = (
			);
			name = FlexSprinkle;
			packageProductDependencies = (
				08B3CF502B7BC611002F5C92 /* ConfettiSwiftUI */,
			);
			productName = FlexSprinkle;
			productReference = 08B78FEC2B6DBA370002DA68 /* FlexSprinkle.app */;
			productType = "com.apple.product-type.application";
		};
		08B78FFC2B6DBA390002DA68 /* FlexSprinkleTests */ = {
			isa = PBXNativeTarget;
			buildConfigurationList = 08B790142B6DBA390002DA68 /* Build configuration list for PBXNativeTarget "FlexSprinkleTests" */;
			buildPhases = (
				08B78FF92B6DBA390002DA68 /* Sources */,
				08B78FFA2B6DBA390002DA68 /* Frameworks */,
				08B78FFB2B6DBA390002DA68 /* Resources */,
			);
			buildRules = (
			);
			dependencies = (
				08B78FFF2B6DBA390002DA68 /* PBXTargetDependency */,
			);
			name = FlexSprinkleTests;
			productName = FlexSprinkleTests;
			productReference = 08B78FFD2B6DBA390002DA68 /* FlexSprinkleTests.xctest */;
			productType = "com.apple.product-type.bundle.unit-test";
		};
		08B790062B6DBA390002DA68 /* FlexSprinkleUITests */ = {
			isa = PBXNativeTarget;
			buildConfigurationList = 08B790172B6DBA390002DA68 /* Build configuration list for PBXNativeTarget "FlexSprinkleUITests" */;
			buildPhases = (
				08B790032B6DBA390002DA68 /* Sources */,
				08B790042B6DBA390002DA68 /* Frameworks */,
				08B790052B6DBA390002DA68 /* Resources */,
			);
			buildRules = (
			);
			dependencies = (
				08B790092B6DBA390002DA68 /* PBXTargetDependency */,
			);
			name = FlexSprinkleUITests;
			productName = FlexSprinkleUITests;
			productReference = 08B790072B6DBA390002DA68 /* FlexSprinkleUITests.xctest */;
			productType = "com.apple.product-type.bundle.ui-testing";
		};
/* End PBXNativeTarget section */

/* Begin PBXProject section */
		08B78FE42B6DBA370002DA68 /* Project object */ = {
			isa = PBXProject;
			attributes = {
				BuildIndependentTargetsInParallel = 1;
				LastSwiftUpdateCheck = 1520;
				LastUpgradeCheck = 1520;
				TargetAttributes = {
					08B78FEB2B6DBA370002DA68 = {
						CreatedOnToolsVersion = 15.2;
					};
					08B78FFC2B6DBA390002DA68 = {
						CreatedOnToolsVersion = 15.2;
						TestTargetID = 08B78FEB2B6DBA370002DA68;
					};
					08B790062B6DBA390002DA68 = {
						CreatedOnToolsVersion = 15.2;
						TestTargetID = 08B78FEB2B6DBA370002DA68;
					};
				};
			};
			buildConfigurationList = 08B78FE72B6DBA370002DA68 /* Build configuration list for PBXProject "FlexSprinkle" */;
			compatibilityVersion = "Xcode 14.0";
			developmentRegion = en;
			hasScannedForEncodings = 0;
			knownRegions = (
				en,
				Base,
			);
			mainGroup = 08B78FE32B6DBA370002DA68;
			packageReferences = (
				087111B02B77F79F0054E315 /* XCRemoteSwiftPackageReference "ConfettiSwiftUI" */,
			);
			productRefGroup = 08B78FED2B6DBA370002DA68 /* Products */;
			projectDirPath = "";
			projectRoot = "";
			targets = (
				08B78FEB2B6DBA370002DA68 /* FlexSprinkle */,
				08B78FFC2B6DBA390002DA68 /* FlexSprinkleTests */,
				08B790062B6DBA390002DA68 /* FlexSprinkleUITests */,
			);
		};
/* End PBXProject section */

/* Begin PBXResourcesBuildPhase section */
		08B78FEA2B6DBA370002DA68 /* Resources */ = {
			isa = PBXResourcesBuildPhase;
			buildActionMask = 2147483647;
			files = (
				08B78FF82B6DBA390002DA68 /* Preview Assets.xcassets in Resources */,
				08B78FF42B6DBA390002DA68 /* Assets.xcassets in Resources */,
			);
			runOnlyForDeploymentPostprocessing = 0;
		};
		08B78FFB2B6DBA390002DA68 /* Resources */ = {
			isa = PBXResourcesBuildPhase;
			buildActionMask = 2147483647;
			files = (
			);
			runOnlyForDeploymentPostprocessing = 0;
		};
		08B790052B6DBA390002DA68 /* Resources */ = {
			isa = PBXResourcesBuildPhase;
			buildActionMask = 2147483647;
			files = (
			);
			runOnlyForDeploymentPostprocessing = 0;
		};
/* End PBXResourcesBuildPhase section */

/* Begin PBXSourcesBuildPhase section */
		08B78FE82B6DBA370002DA68 /* Sources */ = {
			isa = PBXSourcesBuildPhase;
			buildActionMask = 2147483647;
			files = (
				08B3CFDD2B7D9567002F5C92 /* WorkoutSet+CoreDataProperties.swift in Sources */,
				08B790222B6E911D0002DA68 /* NutritionHelperMainView.swift in Sources */,
				08B3CFDF2B7D9567002F5C92 /* TemporaryWorkoutDetail+CoreDataProperties.swift in Sources */,
				08B3CF892B7C2260002F5C92 /* LiftingSetRowActive.swift in Sources */,
				087111372B728F8F0054E315 /* ModalType.swift in Sources */,
				08B3CF872B7C2252002F5C92 /* CardioSetRowsActive.swift in Sources */,
				08B3CF7B2B7BDD0C002F5C92 /* AddExerciseDialog.swift in Sources */,
				08B3CFE52B7D9567002F5C92 /* Workouts+CoreDataProperties.swift in Sources */,
				08B3CFEA2B7E9FA6002F5C92 /* TimeHelper.swift in Sources */,
				087111AA2B77CA170054E315 /* WorkoutTrackerContentView.swift in Sources */,
				08B3CFE42B7D9567002F5C92 /* Workouts+CoreDataClass.swift in Sources */,
				08B3CFE02B7D9567002F5C92 /* WorkoutDetail+CoreDataClass.swift in Sources */,
				0871113A2B72AD830054E315 /* Model.xcdatamodeld in Sources */,
				08B3CFE72B7E6E40002F5C92 /* FocusManager.swift in Sources */,
				08B3CFE32B7D9567002F5C92 /* WorkoutHistory+CoreDataProperties.swift in Sources */,
				08B3CF7F2B7C088F002F5C92 /* SetHeaders.swift in Sources */,
				087111412B7405990054E315 /* WorkoutDetailsInput.swift in Sources */,
				087111722B77B3120054E315 /* WorkoutOverviewView.swift in Sources */,
				087111A42B77BADE0054E315 /* WorkoutNavigationContext.swift in Sources */,
				08B3CF812B7C08B4002F5C92 /* LiftingSetRow.swift in Sources */,
				08B78FF22B6DBA370002DA68 /* HomeView.swift in Sources */,
				087111AD2B77E9EC0054E315 /* CustomTabView.swift in Sources */,
				08B7901E2B6E8F8D0002DA68 /* SettingsView.swift in Sources */,
				08B3CFE22B7D9567002F5C92 /* WorkoutHistory+CoreDataClass.swift in Sources */,
				08B3CFDC2B7D9567002F5C92 /* WorkoutSet+CoreDataClass.swift in Sources */,
				087111AF2B77EAF20054E315 /* HomeContentView.swift in Sources */,
				0871113D2B7306C20054E315 /* ColorManager.swift in Sources */,
				08B790312B7138F70002DA68 /* WorkoutManager.swift in Sources */,
				08B7901B2B6DC28F0002DA68 /* CardView.swift in Sources */,
				08B3CF832B7C08D0002F5C92 /* CardioSetRow.swift in Sources */,
				08B3CF852B7C1D84002F5C92 /* ActiveWorkoutView.swift in Sources */,
				08B790272B7079C90002DA68 /* DatePickerView.swift in Sources */,
				08B3CFE12B7D9567002F5C92 /* WorkoutDetail+CoreDataProperties.swift in Sources */,
				087111A62B77C32D0054E315 /* AppViewModel.swift in Sources */,
				08B78FF02B6DBA370002DA68 /* FlexSprinkleApp.swift in Sources */,
				087111A82B77C6DF0054E315 /* WorkoutInfo.swift in Sources */,
				08B790202B6E91010002DA68 /* WorkoutTrackerMainView.swift in Sources */,
				08B3CFDE2B7D9567002F5C92 /* TemporaryWorkoutDetail+CoreDataClass.swift in Sources */,
				08B3CFDB2B7D9567002F5C92 /* WorkoutSession+CoreDataProperties.swift in Sources */,
				08B3CFDA2B7D9567002F5C92 /* WorkoutSession+CoreDataClass.swift in Sources */,
				08B3CF232B791FB8002F5C92 /* DataCardView.swift in Sources */,
				08B7902B2B7090870002DA68 /* AddWorkoutView.swift in Sources */,
			);
			runOnlyForDeploymentPostprocessing = 0;
		};
		08B78FF92B6DBA390002DA68 /* Sources */ = {
			isa = PBXSourcesBuildPhase;
			buildActionMask = 2147483647;
			files = (
			);
			runOnlyForDeploymentPostprocessing = 0;
		};
		08B790032B6DBA390002DA68 /* Sources */ = {
			isa = PBXSourcesBuildPhase;
			buildActionMask = 2147483647;
			files = (
			);
			runOnlyForDeploymentPostprocessing = 0;
		};
/* End PBXSourcesBuildPhase section */

/* Begin PBXTargetDependency section */
		08B78FFF2B6DBA390002DA68 /* PBXTargetDependency */ = {
			isa = PBXTargetDependency;
			target = 08B78FEB2B6DBA370002DA68 /* FlexSprinkle */;
			targetProxy = 08B78FFE2B6DBA390002DA68 /* PBXContainerItemProxy */;
		};
		08B790092B6DBA390002DA68 /* PBXTargetDependency */ = {
			isa = PBXTargetDependency;
			target = 08B78FEB2B6DBA370002DA68 /* FlexSprinkle */;
			targetProxy = 08B790082B6DBA390002DA68 /* PBXContainerItemProxy */;
		};
/* End PBXTargetDependency section */

/* Begin XCBuildConfiguration section */
		08B7900F2B6DBA390002DA68 /* Debug */ = {
			isa = XCBuildConfiguration;
			buildSettings = {
				ALWAYS_SEARCH_USER_PATHS = NO;
				ASSETCATALOG_COMPILER_GENERATE_SWIFT_ASSET_SYMBOL_EXTENSIONS = YES;
				CLANG_ANALYZER_NONNULL = YES;
				CLANG_ANALYZER_NUMBER_OBJECT_CONVERSION = YES_AGGRESSIVE;
				CLANG_CXX_LANGUAGE_STANDARD = "gnu++20";
				CLANG_ENABLE_MODULES = YES;
				CLANG_ENABLE_OBJC_ARC = YES;
				CLANG_ENABLE_OBJC_WEAK = YES;
				CLANG_WARN_BLOCK_CAPTURE_AUTORELEASING = YES;
				CLANG_WARN_BOOL_CONVERSION = YES;
				CLANG_WARN_COMMA = YES;
				CLANG_WARN_CONSTANT_CONVERSION = YES;
				CLANG_WARN_DEPRECATED_OBJC_IMPLEMENTATIONS = YES;
				CLANG_WARN_DIRECT_OBJC_ISA_USAGE = YES_ERROR;
				CLANG_WARN_DOCUMENTATION_COMMENTS = YES;
				CLANG_WARN_EMPTY_BODY = YES;
				CLANG_WARN_ENUM_CONVERSION = YES;
				CLANG_WARN_INFINITE_RECURSION = YES;
				CLANG_WARN_INT_CONVERSION = YES;
				CLANG_WARN_NON_LITERAL_NULL_CONVERSION = YES;
				CLANG_WARN_OBJC_IMPLICIT_RETAIN_SELF = YES;
				CLANG_WARN_OBJC_LITERAL_CONVERSION = YES;
				CLANG_WARN_OBJC_ROOT_CLASS = YES_ERROR;
				CLANG_WARN_QUOTED_INCLUDE_IN_FRAMEWORK_HEADER = YES;
				CLANG_WARN_RANGE_LOOP_ANALYSIS = YES;
				CLANG_WARN_STRICT_PROTOTYPES = YES;
				CLANG_WARN_SUSPICIOUS_MOVE = YES;
				CLANG_WARN_UNGUARDED_AVAILABILITY = YES_AGGRESSIVE;
				CLANG_WARN_UNREACHABLE_CODE = YES;
				CLANG_WARN__DUPLICATE_METHOD_MATCH = YES;
				COPY_PHASE_STRIP = NO;
				DEBUG_INFORMATION_FORMAT = dwarf;
				ENABLE_STRICT_OBJC_MSGSEND = YES;
				ENABLE_TESTABILITY = YES;
				ENABLE_USER_SCRIPT_SANDBOXING = YES;
				GCC_C_LANGUAGE_STANDARD = gnu17;
				GCC_DYNAMIC_NO_PIC = NO;
				GCC_NO_COMMON_BLOCKS = YES;
				GCC_OPTIMIZATION_LEVEL = 0;
				GCC_PREPROCESSOR_DEFINITIONS = (
					"DEBUG=1",
					"$(inherited)",
				);
				GCC_WARN_64_TO_32_BIT_CONVERSION = YES;
				GCC_WARN_ABOUT_RETURN_TYPE = YES_ERROR;
				GCC_WARN_UNDECLARED_SELECTOR = YES;
				GCC_WARN_UNINITIALIZED_AUTOS = YES_AGGRESSIVE;
				GCC_WARN_UNUSED_FUNCTION = YES;
				GCC_WARN_UNUSED_VARIABLE = YES;
				IPHONEOS_DEPLOYMENT_TARGET = 17.2;
				LOCALIZATION_PREFERS_STRING_CATALOGS = YES;
				MTL_ENABLE_DEBUG_INFO = INCLUDE_SOURCE;
				MTL_FAST_MATH = YES;
				ONLY_ACTIVE_ARCH = YES;
				SWIFT_ACTIVE_COMPILATION_CONDITIONS = "DEBUG $(inherited)";
				SWIFT_OPTIMIZATION_LEVEL = "-Onone";
			};
			name = Debug;
		};
		08B790102B6DBA390002DA68 /* Release */ = {
			isa = XCBuildConfiguration;
			buildSettings = {
				ALWAYS_SEARCH_USER_PATHS = NO;
				ASSETCATALOG_COMPILER_GENERATE_SWIFT_ASSET_SYMBOL_EXTENSIONS = YES;
				CLANG_ANALYZER_NONNULL = YES;
				CLANG_ANALYZER_NUMBER_OBJECT_CONVERSION = YES_AGGRESSIVE;
				CLANG_CXX_LANGUAGE_STANDARD = "gnu++20";
				CLANG_ENABLE_MODULES = YES;
				CLANG_ENABLE_OBJC_ARC = YES;
				CLANG_ENABLE_OBJC_WEAK = YES;
				CLANG_WARN_BLOCK_CAPTURE_AUTORELEASING = YES;
				CLANG_WARN_BOOL_CONVERSION = YES;
				CLANG_WARN_COMMA = YES;
				CLANG_WARN_CONSTANT_CONVERSION = YES;
				CLANG_WARN_DEPRECATED_OBJC_IMPLEMENTATIONS = YES;
				CLANG_WARN_DIRECT_OBJC_ISA_USAGE = YES_ERROR;
				CLANG_WARN_DOCUMENTATION_COMMENTS = YES;
				CLANG_WARN_EMPTY_BODY = YES;
				CLANG_WARN_ENUM_CONVERSION = YES;
				CLANG_WARN_INFINITE_RECURSION = YES;
				CLANG_WARN_INT_CONVERSION = YES;
				CLANG_WARN_NON_LITERAL_NULL_CONVERSION = YES;
				CLANG_WARN_OBJC_IMPLICIT_RETAIN_SELF = YES;
				CLANG_WARN_OBJC_LITERAL_CONVERSION = YES;
				CLANG_WARN_OBJC_ROOT_CLASS = YES_ERROR;
				CLANG_WARN_QUOTED_INCLUDE_IN_FRAMEWORK_HEADER = YES;
				CLANG_WARN_RANGE_LOOP_ANALYSIS = YES;
				CLANG_WARN_STRICT_PROTOTYPES = YES;
				CLANG_WARN_SUSPICIOUS_MOVE = YES;
				CLANG_WARN_UNGUARDED_AVAILABILITY = YES_AGGRESSIVE;
				CLANG_WARN_UNREACHABLE_CODE = YES;
				CLANG_WARN__DUPLICATE_METHOD_MATCH = YES;
				COPY_PHASE_STRIP = NO;
				DEBUG_INFORMATION_FORMAT = "dwarf-with-dsym";
				ENABLE_NS_ASSERTIONS = NO;
				ENABLE_STRICT_OBJC_MSGSEND = YES;
				ENABLE_USER_SCRIPT_SANDBOXING = YES;
				GCC_C_LANGUAGE_STANDARD = gnu17;
				GCC_NO_COMMON_BLOCKS = YES;
				GCC_WARN_64_TO_32_BIT_CONVERSION = YES;
				GCC_WARN_ABOUT_RETURN_TYPE = YES_ERROR;
				GCC_WARN_UNDECLARED_SELECTOR = YES;
				GCC_WARN_UNINITIALIZED_AUTOS = YES_AGGRESSIVE;
				GCC_WARN_UNUSED_FUNCTION = YES;
				GCC_WARN_UNUSED_VARIABLE = YES;
				IPHONEOS_DEPLOYMENT_TARGET = 17.2;
				LOCALIZATION_PREFERS_STRING_CATALOGS = YES;
				MTL_ENABLE_DEBUG_INFO = NO;
				MTL_FAST_MATH = YES;
				SWIFT_COMPILATION_MODE = wholemodule;
			};
			name = Release;
		};
		08B790122B6DBA390002DA68 /* Debug */ = {
			isa = XCBuildConfiguration;
			buildSettings = {
				ASSETCATALOG_COMPILER_APPICON_NAME = AppIcon;
				ASSETCATALOG_COMPILER_GLOBAL_ACCENT_COLOR_NAME = AccentColor;
				CODE_SIGN_ENTITLEMENTS = FlexSprinkle/FlexSprinkle.entitlements;
				CODE_SIGN_STYLE = Automatic;
				CURRENT_PROJECT_VERSION = 1;
				DEVELOPMENT_ASSET_PATHS = "\"FlexSprinkle/Preview Content\"";
				DEVELOPMENT_TEAM = P8P8MB2RC3;
				ENABLE_PREVIEWS = YES;
				GENERATE_INFOPLIST_FILE = YES;
				"INFOPLIST_KEY_UIApplicationSceneManifest_Generation[sdk=iphoneos*]" = YES;
				"INFOPLIST_KEY_UIApplicationSceneManifest_Generation[sdk=iphonesimulator*]" = YES;
				"INFOPLIST_KEY_UIApplicationSupportsIndirectInputEvents[sdk=iphoneos*]" = YES;
				"INFOPLIST_KEY_UIApplicationSupportsIndirectInputEvents[sdk=iphonesimulator*]" = YES;
				"INFOPLIST_KEY_UILaunchScreen_Generation[sdk=iphoneos*]" = YES;
				"INFOPLIST_KEY_UILaunchScreen_Generation[sdk=iphonesimulator*]" = YES;
				"INFOPLIST_KEY_UIStatusBarStyle[sdk=iphoneos*]" = UIStatusBarStyleDefault;
				"INFOPLIST_KEY_UIStatusBarStyle[sdk=iphonesimulator*]" = UIStatusBarStyleDefault;
				INFOPLIST_KEY_UISupportedInterfaceOrientations_iPad = "UIInterfaceOrientationPortrait UIInterfaceOrientationPortraitUpsideDown UIInterfaceOrientationLandscapeLeft UIInterfaceOrientationLandscapeRight";
				INFOPLIST_KEY_UISupportedInterfaceOrientations_iPhone = "UIInterfaceOrientationPortrait UIInterfaceOrientationLandscapeLeft UIInterfaceOrientationLandscapeRight";
				IPHONEOS_DEPLOYMENT_TARGET = 17.2;
				LD_RUNPATH_SEARCH_PATHS = "@executable_path/Frameworks";
				"LD_RUNPATH_SEARCH_PATHS[sdk=macosx*]" = "@executable_path/../Frameworks";
				MACOSX_DEPLOYMENT_TARGET = 14.0;
				MARKETING_VERSION = 1.0;
				PRODUCT_BUNDLE_IDENTIFIER = com.damiensprinkle.FlexSprinkle;
				PRODUCT_NAME = "$(TARGET_NAME)";
				SDKROOT = auto;
				SUPPORTED_PLATFORMS = "iphoneos iphonesimulator";
				SUPPORTS_MACCATALYST = NO;
				SWIFT_EMIT_LOC_STRINGS = YES;
				SWIFT_VERSION = 5.0;
				TARGETED_DEVICE_FAMILY = 1;
			};
			name = Debug;
		};
		08B790132B6DBA390002DA68 /* Release */ = {
			isa = XCBuildConfiguration;
			buildSettings = {
				ASSETCATALOG_COMPILER_APPICON_NAME = AppIcon;
				ASSETCATALOG_COMPILER_GLOBAL_ACCENT_COLOR_NAME = AccentColor;
				CODE_SIGN_ENTITLEMENTS = FlexSprinkle/FlexSprinkle.entitlements;
				CODE_SIGN_STYLE = Automatic;
				CURRENT_PROJECT_VERSION = 1;
				DEVELOPMENT_ASSET_PATHS = "\"FlexSprinkle/Preview Content\"";
				ENABLE_PREVIEWS = YES;
				GENERATE_INFOPLIST_FILE = YES;
				"INFOPLIST_KEY_UIApplicationSceneManifest_Generation[sdk=iphoneos*]" = YES;
				"INFOPLIST_KEY_UIApplicationSceneManifest_Generation[sdk=iphonesimulator*]" = YES;
				"INFOPLIST_KEY_UIApplicationSupportsIndirectInputEvents[sdk=iphoneos*]" = YES;
				"INFOPLIST_KEY_UIApplicationSupportsIndirectInputEvents[sdk=iphonesimulator*]" = YES;
				"INFOPLIST_KEY_UILaunchScreen_Generation[sdk=iphoneos*]" = YES;
				"INFOPLIST_KEY_UILaunchScreen_Generation[sdk=iphonesimulator*]" = YES;
				"INFOPLIST_KEY_UIStatusBarStyle[sdk=iphoneos*]" = UIStatusBarStyleDefault;
				"INFOPLIST_KEY_UIStatusBarStyle[sdk=iphonesimulator*]" = UIStatusBarStyleDefault;
				INFOPLIST_KEY_UISupportedInterfaceOrientations_iPad = "UIInterfaceOrientationPortrait UIInterfaceOrientationPortraitUpsideDown UIInterfaceOrientationLandscapeLeft UIInterfaceOrientationLandscapeRight";
				INFOPLIST_KEY_UISupportedInterfaceOrientations_iPhone = "UIInterfaceOrientationPortrait UIInterfaceOrientationLandscapeLeft UIInterfaceOrientationLandscapeRight";
				IPHONEOS_DEPLOYMENT_TARGET = 17.2;
				LD_RUNPATH_SEARCH_PATHS = "@executable_path/Frameworks";
				"LD_RUNPATH_SEARCH_PATHS[sdk=macosx*]" = "@executable_path/../Frameworks";
				MACOSX_DEPLOYMENT_TARGET = 14.0;
				MARKETING_VERSION = 1.0;
				PRODUCT_BUNDLE_IDENTIFIER = com.damiensprinkle.FlexSprinkle;
				PRODUCT_NAME = "$(TARGET_NAME)";
				SDKROOT = auto;
				SUPPORTED_PLATFORMS = "iphoneos iphonesimulator";
				SUPPORTS_MACCATALYST = NO;
				SWIFT_EMIT_LOC_STRINGS = YES;
				SWIFT_VERSION = 5.0;
				TARGETED_DEVICE_FAMILY = 1;
			};
			name = Release;
		};
		08B790152B6DBA390002DA68 /* Debug */ = {
			isa = XCBuildConfiguration;
			buildSettings = {
				ALWAYS_EMBED_SWIFT_STANDARD_LIBRARIES = YES;
				BUNDLE_LOADER = "$(TEST_HOST)";
				CODE_SIGN_STYLE = Automatic;
				CURRENT_PROJECT_VERSION = 1;
				DEVELOPMENT_TEAM = P8P8MB2RC3;
				GENERATE_INFOPLIST_FILE = YES;
				IPHONEOS_DEPLOYMENT_TARGET = 17.2;
				MACOSX_DEPLOYMENT_TARGET = 14.0;
				MARKETING_VERSION = 1.0;
				PRODUCT_BUNDLE_IDENTIFIER = com.damiensprinkle.FlexSprinkleTests;
				PRODUCT_NAME = "$(TARGET_NAME)";
				SDKROOT = auto;
				SUPPORTED_PLATFORMS = "iphoneos iphonesimulator macosx";
				SWIFT_EMIT_LOC_STRINGS = NO;
				SWIFT_VERSION = 5.0;
				TARGETED_DEVICE_FAMILY = "1,2";
				TEST_HOST = "$(BUILT_PRODUCTS_DIR)/FlexSprinkle.app/$(BUNDLE_EXECUTABLE_FOLDER_PATH)/FlexSprinkle";
			};
			name = Debug;
		};
		08B790162B6DBA390002DA68 /* Release */ = {
			isa = XCBuildConfiguration;
			buildSettings = {
				ALWAYS_EMBED_SWIFT_STANDARD_LIBRARIES = YES;
				BUNDLE_LOADER = "$(TEST_HOST)";
				CODE_SIGN_STYLE = Automatic;
				CURRENT_PROJECT_VERSION = 1;
				GENERATE_INFOPLIST_FILE = YES;
				IPHONEOS_DEPLOYMENT_TARGET = 17.2;
				MACOSX_DEPLOYMENT_TARGET = 14.0;
				MARKETING_VERSION = 1.0;
				PRODUCT_BUNDLE_IDENTIFIER = com.damiensprinkle.FlexSprinkleTests;
				PRODUCT_NAME = "$(TARGET_NAME)";
				SDKROOT = auto;
				SUPPORTED_PLATFORMS = "iphoneos iphonesimulator macosx";
				SWIFT_EMIT_LOC_STRINGS = NO;
				SWIFT_VERSION = 5.0;
				TARGETED_DEVICE_FAMILY = "1,2";
				TEST_HOST = "$(BUILT_PRODUCTS_DIR)/FlexSprinkle.app/$(BUNDLE_EXECUTABLE_FOLDER_PATH)/FlexSprinkle";
			};
			name = Release;
		};
		08B790182B6DBA390002DA68 /* Debug */ = {
			isa = XCBuildConfiguration;
			buildSettings = {
				ALWAYS_EMBED_SWIFT_STANDARD_LIBRARIES = YES;
				CODE_SIGN_STYLE = Automatic;
				CURRENT_PROJECT_VERSION = 1;
				DEVELOPMENT_TEAM = P8P8MB2RC3;
				GENERATE_INFOPLIST_FILE = YES;
				IPHONEOS_DEPLOYMENT_TARGET = 17.2;
				MACOSX_DEPLOYMENT_TARGET = 14.0;
				MARKETING_VERSION = 1.0;
				PRODUCT_BUNDLE_IDENTIFIER = com.damiensprinkle.FlexSprinkleUITests;
				PRODUCT_NAME = "$(TARGET_NAME)";
				SDKROOT = auto;
				SUPPORTED_PLATFORMS = "iphoneos iphonesimulator macosx";
				SWIFT_EMIT_LOC_STRINGS = NO;
				SWIFT_VERSION = 5.0;
				TARGETED_DEVICE_FAMILY = "1,2";
				TEST_TARGET_NAME = FlexSprinkle;
			};
			name = Debug;
		};
		08B790192B6DBA390002DA68 /* Release */ = {
			isa = XCBuildConfiguration;
			buildSettings = {
				ALWAYS_EMBED_SWIFT_STANDARD_LIBRARIES = YES;
				CODE_SIGN_STYLE = Automatic;
				CURRENT_PROJECT_VERSION = 1;
				GENERATE_INFOPLIST_FILE = YES;
				IPHONEOS_DEPLOYMENT_TARGET = 17.2;
				MACOSX_DEPLOYMENT_TARGET = 14.0;
				MARKETING_VERSION = 1.0;
				PRODUCT_BUNDLE_IDENTIFIER = com.damiensprinkle.FlexSprinkleUITests;
				PRODUCT_NAME = "$(TARGET_NAME)";
				SDKROOT = auto;
				SUPPORTED_PLATFORMS = "iphoneos iphonesimulator macosx";
				SWIFT_EMIT_LOC_STRINGS = NO;
				SWIFT_VERSION = 5.0;
				TARGETED_DEVICE_FAMILY = "1,2";
				TEST_TARGET_NAME = FlexSprinkle;
			};
			name = Release;
		};
/* End XCBuildConfiguration section */

/* Begin XCConfigurationList section */
		08B78FE72B6DBA370002DA68 /* Build configuration list for PBXProject "FlexSprinkle" */ = {
			isa = XCConfigurationList;
			buildConfigurations = (
				08B7900F2B6DBA390002DA68 /* Debug */,
				08B790102B6DBA390002DA68 /* Release */,
			);
			defaultConfigurationIsVisible = 0;
			defaultConfigurationName = Release;
		};
		08B790112B6DBA390002DA68 /* Build configuration list for PBXNativeTarget "FlexSprinkle" */ = {
			isa = XCConfigurationList;
			buildConfigurations = (
				08B790122B6DBA390002DA68 /* Debug */,
				08B790132B6DBA390002DA68 /* Release */,
			);
			defaultConfigurationIsVisible = 0;
			defaultConfigurationName = Release;
		};
		08B790142B6DBA390002DA68 /* Build configuration list for PBXNativeTarget "FlexSprinkleTests" */ = {
			isa = XCConfigurationList;
			buildConfigurations = (
				08B790152B6DBA390002DA68 /* Debug */,
				08B790162B6DBA390002DA68 /* Release */,
			);
			defaultConfigurationIsVisible = 0;
			defaultConfigurationName = Release;
		};
		08B790172B6DBA390002DA68 /* Build configuration list for PBXNativeTarget "FlexSprinkleUITests" */ = {
			isa = XCConfigurationList;
			buildConfigurations = (
				08B790182B6DBA390002DA68 /* Debug */,
				08B790192B6DBA390002DA68 /* Release */,
			);
			defaultConfigurationIsVisible = 0;
			defaultConfigurationName = Release;
		};
/* End XCConfigurationList section */

/* Begin XCRemoteSwiftPackageReference section */
		087111B02B77F79F0054E315 /* XCRemoteSwiftPackageReference "ConfettiSwiftUI" */ = {
			isa = XCRemoteSwiftPackageReference;
			repositoryURL = "https://github.com/simibac/ConfettiSwiftUI.git";
			requirement = {
				kind = upToNextMajorVersion;
				minimumVersion = 1.1.0;
			};
		};
/* End XCRemoteSwiftPackageReference section */

/* Begin XCSwiftPackageProductDependency section */
		08B3CF502B7BC611002F5C92 /* ConfettiSwiftUI */ = {
			isa = XCSwiftPackageProductDependency;
			package = 087111B02B77F79F0054E315 /* XCRemoteSwiftPackageReference "ConfettiSwiftUI" */;
			productName = ConfettiSwiftUI;
		};
/* End XCSwiftPackageProductDependency section */

/* Begin XCVersionGroup section */
		087111382B72AD830054E315 /* Model.xcdatamodeld */ = {
			isa = XCVersionGroup;
			children = (
				087111392B72AD830054E315 /* Model.xcdatamodel */,
			);
			currentVersion = 087111392B72AD830054E315 /* Model.xcdatamodel */;
			path = Model.xcdatamodeld;
			sourceTree = "<group>";
			versionGroupType = wrapper.xcdatamodel;
		};
/* End XCVersionGroup section */
	};
	rootObject = 08B78FE42B6DBA370002DA68 /* Project object */;
}
