// !$*UTF8*$!
{
	archiveVersion = 1;
	classes = {
	};
	objectVersion = 56;
	objects = {

/* Begin PBXBuildFile section */
		08B78FF02B6DBA370002DA68 /* FlexSprinkleApp.swift in Sources */ = {isa = PBXBuildFile; fileRef = 08B78FEF2B6DBA370002DA68 /* FlexSprinkleApp.swift */; };
		08B78FF22B6DBA370002DA68 /* HomeView.swift in Sources */ = {isa = PBXBuildFile; fileRef = 08B78FF12B6DBA370002DA68 /* HomeView.swift */; };
		08B78FF42B6DBA390002DA68 /* Assets.xcassets in Resources */ = {isa = PBXBuildFile; fileRef = 08B78FF32B6DBA390002DA68 /* Assets.xcassets */; };
		08B78FF82B6DBA390002DA68 /* Preview Assets.xcassets in Resources */ = {isa = PBXBuildFile; fileRef = 08B78FF72B6DBA390002DA68 /* Preview Assets.xcassets */; };
		08B790022B6DBA390002DA68 /* FlexSprinkleTests.swift in Sources */ = {isa = PBXBuildFile; fileRef = 08B790012B6DBA390002DA68 /* FlexSprinkleTests.swift */; };
		08B7900C2B6DBA390002DA68 /* FlexSprinkleUITests.swift in Sources */ = {isa = PBXBuildFile; fileRef = 08B7900B2B6DBA390002DA68 /* FlexSprinkleUITests.swift */; };
		08B7900E2B6DBA390002DA68 /* FlexSprinkleUITestsLaunchTests.swift in Sources */ = {isa = PBXBuildFile; fileRef = 08B7900D2B6DBA390002DA68 /* FlexSprinkleUITestsLaunchTests.swift */; };
		08B7901B2B6DC28F0002DA68 /* CardView.swift in Sources */ = {isa = PBXBuildFile; fileRef = 08B7901A2B6DC28F0002DA68 /* CardView.swift */; };
		08B7901E2B6E8F8D0002DA68 /* SettingsView.swift in Sources */ = {isa = PBXBuildFile; fileRef = 08B7901D2B6E8F8D0002DA68 /* SettingsView.swift */; };
		08B790202B6E91010002DA68 /* WorkoutTrackerMainView.swift in Sources */ = {isa = PBXBuildFile; fileRef = 08B7901F2B6E91010002DA68 /* WorkoutTrackerMainView.swift */; };
		08B790222B6E911D0002DA68 /* NutritionHelperMainView.swift in Sources */ = {isa = PBXBuildFile; fileRef = 08B790212B6E911D0002DA68 /* NutritionHelperMainView.swift */; };
		08B790272B7079C90002DA68 /* DatePickerView.swift in Sources */ = {isa = PBXBuildFile; fileRef = 08B790262B7079C90002DA68 /* DatePickerView.swift */; };
		08B7902B2B7090870002DA68 /* AddWorkoutView.swift in Sources */ = {isa = PBXBuildFile; fileRef = 08B7902A2B7090870002DA68 /* AddWorkoutView.swift */; };
		08B7902D2B7136320002DA68 /* ActiveWorkout.swift in Sources */ = {isa = PBXBuildFile; fileRef = 08B7902C2B7136320002DA68 /* ActiveWorkout.swift */; };
		08B7902F2B7137680002DA68 /* WorkoutDetails.swift in Sources */ = {isa = PBXBuildFile; fileRef = 08B7902E2B7137680002DA68 /* WorkoutDetails.swift */; };
		08B790312B7138F70002DA68 /* WorkoutManager.swift in Sources */ = {isa = PBXBuildFile; fileRef = 08B790302B7138F70002DA68 /* WorkoutManager.swift */; };
		08B790332B7153F90002DA68 /* EditWorkoutView.swift in Sources */ = {isa = PBXBuildFile; fileRef = 08B790322B7153F90002DA68 /* EditWorkoutView.swift */; };
		08B7903A2B716C1C0002DA68 /* WorkoutDetailView.swift in Sources */ = {isa = PBXBuildFile; fileRef = 08B790392B716C1C0002DA68 /* WorkoutDetailView.swift */; };
		08B7903D2B7172A80002DA68 /* Color.swift in Sources */ = {isa = PBXBuildFile; fileRef = 08B7903C2B7172A80002DA68 /* Color.swift */; };
/* End PBXBuildFile section */

/* Begin PBXContainerItemProxy section */
		08B78FFE2B6DBA390002DA68 /* PBXContainerItemProxy */ = {
			isa = PBXContainerItemProxy;
			containerPortal = 08B78FE42B6DBA370002DA68 /* Project object */;
			proxyType = 1;
			remoteGlobalIDString = 08B78FEB2B6DBA370002DA68;
			remoteInfo = FlexSprinkle;
		};
		08B790082B6DBA390002DA68 /* PBXContainerItemProxy */ = {
			isa = PBXContainerItemProxy;
			containerPortal = 08B78FE42B6DBA370002DA68 /* Project object */;
			proxyType = 1;
			remoteGlobalIDString = 08B78FEB2B6DBA370002DA68;
			remoteInfo = FlexSprinkle;
		};
/* End PBXContainerItemProxy section */

/* Begin PBXFileReference section */
		08B78FEC2B6DBA370002DA68 /* FlexSprinkle.app */ = {isa = PBXFileReference; explicitFileType = wrapper.application; includeInIndex = 0; path = FlexSprinkle.app; sourceTree = BUILT_PRODUCTS_DIR; };
		08B78FEF2B6DBA370002DA68 /* FlexSprinkleApp.swift */ = {isa = PBXFileReference; lastKnownFileType = sourcecode.swift; path = FlexSprinkleApp.swift; sourceTree = "<group>"; };
		08B78FF12B6DBA370002DA68 /* HomeView.swift */ = {isa = PBXFileReference; lastKnownFileType = sourcecode.swift; path = HomeView.swift; sourceTree = "<group>"; };
		08B78FF32B6DBA390002DA68 /* Assets.xcassets */ = {isa = PBXFileReference; lastKnownFileType = folder.assetcatalog; path = Assets.xcassets; sourceTree = "<group>"; };
		08B78FF52B6DBA390002DA68 /* FlexSprinkle.entitlements */ = {isa = PBXFileReference; lastKnownFileType = text.plist.entitlements; path = FlexSprinkle.entitlements; sourceTree = "<group>"; };
		08B78FF72B6DBA390002DA68 /* Preview Assets.xcassets */ = {isa = PBXFileReference; lastKnownFileType = folder.assetcatalog; path = "Preview Assets.xcassets"; sourceTree = "<group>"; };
		08B78FFD2B6DBA390002DA68 /* FlexSprinkleTests.xctest */ = {isa = PBXFileReference; explicitFileType = wrapper.cfbundle; includeInIndex = 0; path = FlexSprinkleTests.xctest; sourceTree = BUILT_PRODUCTS_DIR; };
		08B790012B6DBA390002DA68 /* FlexSprinkleTests.swift */ = {isa = PBXFileReference; lastKnownFileType = sourcecode.swift; path = FlexSprinkleTests.swift; sourceTree = "<group>"; };
		08B790072B6DBA390002DA68 /* FlexSprinkleUITests.xctest */ = {isa = PBXFileReference; explicitFileType = wrapper.cfbundle; includeInIndex = 0; path = FlexSprinkleUITests.xctest; sourceTree = BUILT_PRODUCTS_DIR; };
		08B7900B2B6DBA390002DA68 /* FlexSprinkleUITests.swift */ = {isa = PBXFileReference; lastKnownFileType = sourcecode.swift; path = FlexSprinkleUITests.swift; sourceTree = "<group>"; };
		08B7900D2B6DBA390002DA68 /* FlexSprinkleUITestsLaunchTests.swift */ = {isa = PBXFileReference; lastKnownFileType = sourcecode.swift; path = FlexSprinkleUITestsLaunchTests.swift; sourceTree = "<group>"; };
		08B7901A2B6DC28F0002DA68 /* CardView.swift */ = {isa = PBXFileReference; lastKnownFileType = sourcecode.swift; path = CardView.swift; sourceTree = "<group>"; };
		08B7901D2B6E8F8D0002DA68 /* SettingsView.swift */ = {isa = PBXFileReference; lastKnownFileType = sourcecode.swift; path = SettingsView.swift; sourceTree = "<group>"; };
		08B7901F2B6E91010002DA68 /* WorkoutTrackerMainView.swift */ = {isa = PBXFileReference; lastKnownFileType = sourcecode.swift; path = WorkoutTrackerMainView.swift; sourceTree = "<group>"; };
		08B790212B6E911D0002DA68 /* NutritionHelperMainView.swift */ = {isa = PBXFileReference; lastKnownFileType = sourcecode.swift; path = NutritionHelperMainView.swift; sourceTree = "<group>"; };
		08B790262B7079C90002DA68 /* DatePickerView.swift */ = {isa = PBXFileReference; lastKnownFileType = sourcecode.swift; path = DatePickerView.swift; sourceTree = "<group>"; };
		08B7902A2B7090870002DA68 /* AddWorkoutView.swift */ = {isa = PBXFileReference; lastKnownFileType = sourcecode.swift; path = AddWorkoutView.swift; sourceTree = "<group>"; };
		08B7902C2B7136320002DA68 /* ActiveWorkout.swift */ = {isa = PBXFileReference; lastKnownFileType = sourcecode.swift; path = ActiveWorkout.swift; sourceTree = "<group>"; };
		08B7902E2B7137680002DA68 /* WorkoutDetails.swift */ = {isa = PBXFileReference; lastKnownFileType = sourcecode.swift; path = WorkoutDetails.swift; sourceTree = "<group>"; };
		08B790302B7138F70002DA68 /* WorkoutManager.swift */ = {isa = PBXFileReference; lastKnownFileType = sourcecode.swift; path = WorkoutManager.swift; sourceTree = "<group>"; };
		08B790322B7153F90002DA68 /* EditWorkoutView.swift */ = {isa = PBXFileReference; lastKnownFileType = sourcecode.swift; path = EditWorkoutView.swift; sourceTree = "<group>"; };
		08B790392B716C1C0002DA68 /* WorkoutDetailView.swift */ = {isa = PBXFileReference; lastKnownFileType = sourcecode.swift; path = WorkoutDetailView.swift; sourceTree = "<group>"; };
		08B7903C2B7172A80002DA68 /* Color.swift */ = {isa = PBXFileReference; lastKnownFileType = sourcecode.swift; path = Color.swift; sourceTree = "<group>"; };
/* End PBXFileReference section */

/* Begin PBXFrameworksBuildPhase section */
		08B78FE92B6DBA370002DA68 /* Frameworks */ = {
			isa = PBXFrameworksBuildPhase;
			buildActionMask = 2147483647;
			files = (
			);
			runOnlyForDeploymentPostprocessing = 0;
		};
		08B78FFA2B6DBA390002DA68 /* Frameworks */ = {
			isa = PBXFrameworksBuildPhase;
			buildActionMask = 2147483647;
			files = (
			);
			runOnlyForDeploymentPostprocessing = 0;
		};
		08B790042B6DBA390002DA68 /* Frameworks */ = {
			isa = PBXFrameworksBuildPhase;
			buildActionMask = 2147483647;
			files = (
			);
			runOnlyForDeploymentPostprocessing = 0;
		};
/* End PBXFrameworksBuildPhase section */

/* Begin PBXGroup section */
		08B78FE32B6DBA370002DA68 = {
			isa = PBXGroup;
			children = (
				08B78FEE2B6DBA370002DA68 /* FlexSprinkle */,
				08B790002B6DBA390002DA68 /* FlexSprinkleTests */,
				08B7900A2B6DBA390002DA68 /* FlexSprinkleUITests */,
				08B78FED2B6DBA370002DA68 /* Products */,
			);
			sourceTree = "<group>";
		};
		08B78FED2B6DBA370002DA68 /* Products */ = {
			isa = PBXGroup;
			children = (
				08B78FEC2B6DBA370002DA68 /* FlexSprinkle.app */,
				08B78FFD2B6DBA390002DA68 /* FlexSprinkleTests.xctest */,
				08B790072B6DBA390002DA68 /* FlexSprinkleUITests.xctest */,
			);
			name = Products;
			sourceTree = "<group>";
		};
		08B78FEE2B6DBA370002DA68 /* FlexSprinkle */ = {
			isa = PBXGroup;
			children = (
				08B7903B2B7172920002DA68 /* Extensions */,
				08B790252B6E948C0002DA68 /* Controllers */,
				08B790242B6E94840002DA68 /* Models */,
				08B7901C2B6E8F230002DA68 /* Views */,
				08B78FEF2B6DBA370002DA68 /* FlexSprinkleApp.swift */,
				08B78FF32B6DBA390002DA68 /* Assets.xcassets */,
				08B78FF52B6DBA390002DA68 /* FlexSprinkle.entitlements */,
				08B78FF62B6DBA390002DA68 /* Preview Content */,
			);
			path = FlexSprinkle;
			sourceTree = "<group>";
		};
		08B78FF62B6DBA390002DA68 /* Preview Content */ = {
			isa = PBXGroup;
			children = (
				08B78FF72B6DBA390002DA68 /* Preview Assets.xcassets */,
			);
			path = "Preview Content";
			sourceTree = "<group>";
		};
		08B790002B6DBA390002DA68 /* FlexSprinkleTests */ = {
			isa = PBXGroup;
			children = (
				08B790012B6DBA390002DA68 /* FlexSprinkleTests.swift */,
			);
			path = FlexSprinkleTests;
			sourceTree = "<group>";
		};
		08B7900A2B6DBA390002DA68 /* FlexSprinkleUITests */ = {
			isa = PBXGroup;
			children = (
				08B7900B2B6DBA390002DA68 /* FlexSprinkleUITests.swift */,
				08B7900D2B6DBA390002DA68 /* FlexSprinkleUITestsLaunchTests.swift */,
			);
			path = FlexSprinkleUITests;
			sourceTree = "<group>";
		};
		08B7901C2B6E8F230002DA68 /* Views */ = {
			isa = PBXGroup;
			children = (
				08B790342B7162740002DA68 /* Cards */,
				08B790292B708A370002DA68 /* NutritionHelper */,
				08B790282B708A1F0002DA68 /* WorkoutTracker */,
				08B78FF12B6DBA370002DA68 /* HomeView.swift */,
				08B7901D2B6E8F8D0002DA68 /* SettingsView.swift */,
				08B790262B7079C90002DA68 /* DatePickerView.swift */,
			);
			path = Views;
			sourceTree = "<group>";
		};
		08B790242B6E94840002DA68 /* Models */ = {
			isa = PBXGroup;
			children = (
				08B7902E2B7137680002DA68 /* WorkoutDetails.swift */,
			);
			path = Models;
			sourceTree = "<group>";
		};
		08B790252B6E948C0002DA68 /* Controllers */ = {
			isa = PBXGroup;
			children = (
				08B790302B7138F70002DA68 /* WorkoutManager.swift */,
			);
			path = Controllers;
			sourceTree = "<group>";
		};
		08B790282B708A1F0002DA68 /* WorkoutTracker */ = {
			isa = PBXGroup;
			children = (
				08B7901F2B6E91010002DA68 /* WorkoutTrackerMainView.swift */,
				08B7902A2B7090870002DA68 /* AddWorkoutView.swift */,
				08B7902C2B7136320002DA68 /* ActiveWorkout.swift */,
				08B790322B7153F90002DA68 /* EditWorkoutView.swift */,
				08B790392B716C1C0002DA68 /* WorkoutDetailView.swift */,
			);
			path = WorkoutTracker;
			sourceTree = "<group>";
		};
		08B790292B708A370002DA68 /* NutritionHelper */ = {
			isa = PBXGroup;
			children = (
				08B790212B6E911D0002DA68 /* NutritionHelperMainView.swift */,
			);
			path = NutritionHelper;
			sourceTree = "<group>";
		};
		08B790342B7162740002DA68 /* Cards */ = {
			isa = PBXGroup;
			children = (
				08B7901A2B6DC28F0002DA68 /* CardView.swift */,
			);
			path = Cards;
			sourceTree = "<group>";
		};
		08B7903B2B7172920002DA68 /* Extensions */ = {
			isa = PBXGroup;
			children = (
				08B7903C2B7172A80002DA68 /* Color.swift */,
			);
			path = Extensions;
			sourceTree = "<group>";
		};
/* End PBXGroup section */

/* Begin PBXNativeTarget section */
		08B78FEB2B6DBA370002DA68 /* FlexSprinkle */ = {
			isa = PBXNativeTarget;
			buildConfigurationList = 08B790112B6DBA390002DA68 /* Build configuration list for PBXNativeTarget "FlexSprinkle" */;
			buildPhases = (
				08B78FE82B6DBA370002DA68 /* Sources */,
				08B78FE92B6DBA370002DA68 /* Frameworks */,
				08B78FEA2B6DBA370002DA68 /* Resources */,
			);
			buildRules = (
			);
			dependencies = (
			);
			name = FlexSprinkle;
			productName = FlexSprinkle;
			productReference = 08B78FEC2B6DBA370002DA68 /* FlexSprinkle.app */;
			productType = "com.apple.product-type.application";
		};
		08B78FFC2B6DBA390002DA68 /* FlexSprinkleTests */ = {
			isa = PBXNativeTarget;
			buildConfigurationList = 08B790142B6DBA390002DA68 /* Build configuration list for PBXNativeTarget "FlexSprinkleTests" */;
			buildPhases = (
				08B78FF92B6DBA390002DA68 /* Sources */,
				08B78FFA2B6DBA390002DA68 /* Frameworks */,
				08B78FFB2B6DBA390002DA68 /* Resources */,
			);
			buildRules = (
			);
			dependencies = (
				08B78FFF2B6DBA390002DA68 /* PBXTargetDependency */,
			);
			name = FlexSprinkleTests;
			productName = FlexSprinkleTests;
			productReference = 08B78FFD2B6DBA390002DA68 /* FlexSprinkleTests.xctest */;
			productType = "com.apple.product-type.bundle.unit-test";
		};
		08B790062B6DBA390002DA68 /* FlexSprinkleUITests */ = {
			isa = PBXNativeTarget;
			buildConfigurationList = 08B790172B6DBA390002DA68 /* Build configuration list for PBXNativeTarget "FlexSprinkleUITests" */;
			buildPhases = (
				08B790032B6DBA390002DA68 /* Sources */,
				08B790042B6DBA390002DA68 /* Frameworks */,
				08B790052B6DBA390002DA68 /* Resources */,
			);
			buildRules = (
			);
			dependencies = (
				08B790092B6DBA390002DA68 /* PBXTargetDependency */,
			);
			name = FlexSprinkleUITests;
			productName = FlexSprinkleUITests;
			productReference = 08B790072B6DBA390002DA68 /* FlexSprinkleUITests.xctest */;
			productType = "com.apple.product-type.bundle.ui-testing";
		};
/* End PBXNativeTarget section */

/* Begin PBXProject section */
		08B78FE42B6DBA370002DA68 /* Project object */ = {
			isa = PBXProject;
			attributes = {
				BuildIndependentTargetsInParallel = 1;
				LastSwiftUpdateCheck = 1520;
				LastUpgradeCheck = 1520;
				TargetAttributes = {
					08B78FEB2B6DBA370002DA68 = {
						CreatedOnToolsVersion = 15.2;
					};
					08B78FFC2B6DBA390002DA68 = {
						CreatedOnToolsVersion = 15.2;
						TestTargetID = 08B78FEB2B6DBA370002DA68;
					};
					08B790062B6DBA390002DA68 = {
						CreatedOnToolsVersion = 15.2;
						TestTargetID = 08B78FEB2B6DBA370002DA68;
					};
				};
			};
			buildConfigurationList = 08B78FE72B6DBA370002DA68 /* Build configuration list for PBXProject "FlexSprinkle" */;
			compatibilityVersion = "Xcode 14.0";
			developmentRegion = en;
			hasScannedForEncodings = 0;
			knownRegions = (
				en,
				Base,
			);
			mainGroup = 08B78FE32B6DBA370002DA68;
			productRefGroup = 08B78FED2B6DBA370002DA68 /* Products */;
			projectDirPath = "";
			projectRoot = "";
			targets = (
				08B78FEB2B6DBA370002DA68 /* FlexSprinkle */,
				08B78FFC2B6DBA390002DA68 /* FlexSprinkleTests */,
				08B790062B6DBA390002DA68 /* FlexSprinkleUITests */,
			);
		};
/* End PBXProject section */

/* Begin PBXResourcesBuildPhase section */
		08B78FEA2B6DBA370002DA68 /* Resources */ = {
			isa = PBXResourcesBuildPhase;
			buildActionMask = 2147483647;
			files = (
				08B78FF82B6DBA390002DA68 /* Preview Assets.xcassets in Resources */,
				08B78FF42B6DBA390002DA68 /* Assets.xcassets in Resources */,
			);
			runOnlyForDeploymentPostprocessing = 0;
		};
		08B78FFB2B6DBA390002DA68 /* Resources */ = {
			isa = PBXResourcesBuildPhase;
			buildActionMask = 2147483647;
			files = (
			);
			runOnlyForDeploymentPostprocessing = 0;
		};
		08B790052B6DBA390002DA68 /* Resources */ = {
			isa = PBXResourcesBuildPhase;
			buildActionMask = 2147483647;
			files = (
			);
			runOnlyForDeploymentPostprocessing = 0;
		};
/* End PBXResourcesBuildPhase section */

/* Begin PBXSourcesBuildPhase section */
		08B78FE82B6DBA370002DA68 /* Sources */ = {
			isa = PBXSourcesBuildPhase;
			buildActionMask = 2147483647;
			files = (
				08B790222B6E911D0002DA68 /* NutritionHelperMainView.swift in Sources */,
				08B7903A2B716C1C0002DA68 /* WorkoutDetailView.swift in Sources */,
				08B78FF22B6DBA370002DA68 /* HomeView.swift in Sources */,
				08B7901E2B6E8F8D0002DA68 /* SettingsView.swift in Sources */,
				08B7902D2B7136320002DA68 /* ActiveWorkout.swift in Sources */,
				08B790312B7138F70002DA68 /* WorkoutManager.swift in Sources */,
				08B7901B2B6DC28F0002DA68 /* CardView.swift in Sources */,
				08B7902F2B7137680002DA68 /* WorkoutDetails.swift in Sources */,
				08B790272B7079C90002DA68 /* DatePickerView.swift in Sources */,
				08B7903D2B7172A80002DA68 /* Color.swift in Sources */,
				08B790332B7153F90002DA68 /* EditWorkoutView.swift in Sources */,
				08B78FF02B6DBA370002DA68 /* FlexSprinkleApp.swift in Sources */,
				08B790202B6E91010002DA68 /* WorkoutTrackerMainView.swift in Sources */,
				08B7902B2B7090870002DA68 /* AddWorkoutView.swift in Sources */,
			);
			runOnlyForDeploymentPostprocessing = 0;
		};
		08B78FF92B6DBA390002DA68 /* Sources */ = {
			isa = PBXSourcesBuildPhase;
			buildActionMask = 2147483647;
			files = (
				08B790022B6DBA390002DA68 /* FlexSprinkleTests.swift in Sources */,
			);
			runOnlyForDeploymentPostprocessing = 0;
		};
		08B790032B6DBA390002DA68 /* Sources */ = {
			isa = PBXSourcesBuildPhase;
			buildActionMask = 2147483647;
			files = (
				08B7900C2B6DBA390002DA68 /* FlexSprinkleUITests.swift in Sources */,
				08B7900E2B6DBA390002DA68 /* FlexSprinkleUITestsLaunchTests.swift in Sources */,
			);
			runOnlyForDeploymentPostprocessing = 0;
		};
/* End PBXSourcesBuildPhase section */

/* Begin PBXTargetDependency section */
		08B78FFF2B6DBA390002DA68 /* PBXTargetDependency */ = {
			isa = PBXTargetDependency;
			target = 08B78FEB2B6DBA370002DA68 /* FlexSprinkle */;
			targetProxy = 08B78FFE2B6DBA390002DA68 /* PBXContainerItemProxy */;
		};
		08B790092B6DBA390002DA68 /* PBXTargetDependency */ = {
			isa = PBXTargetDependency;
			target = 08B78FEB2B6DBA370002DA68 /* FlexSprinkle */;
			targetProxy = 08B790082B6DBA390002DA68 /* PBXContainerItemProxy */;
		};
/* End PBXTargetDependency section */

/* Begin XCBuildConfiguration section */
		08B7900F2B6DBA390002DA68 /* Debug */ = {
			isa = XCBuildConfiguration;
			buildSettings = {
				ALWAYS_SEARCH_USER_PATHS = NO;
				ASSETCATALOG_COMPILER_GENERATE_SWIFT_ASSET_SYMBOL_EXTENSIONS = YES;
				CLANG_ANALYZER_NONNULL = YES;
				CLANG_ANALYZER_NUMBER_OBJECT_CONVERSION = YES_AGGRESSIVE;
				CLANG_CXX_LANGUAGE_STANDARD = "gnu++20";
				CLANG_ENABLE_MODULES = YES;
				CLANG_ENABLE_OBJC_ARC = YES;
				CLANG_ENABLE_OBJC_WEAK = YES;
				CLANG_WARN_BLOCK_CAPTURE_AUTORELEASING = YES;
				CLANG_WARN_BOOL_CONVERSION = YES;
				CLANG_WARN_COMMA = YES;
				CLANG_WARN_CONSTANT_CONVERSION = YES;
				CLANG_WARN_DEPRECATED_OBJC_IMPLEMENTATIONS = YES;
				CLANG_WARN_DIRECT_OBJC_ISA_USAGE = YES_ERROR;
				CLANG_WARN_DOCUMENTATION_COMMENTS = YES;
				CLANG_WARN_EMPTY_BODY = YES;
				CLANG_WARN_ENUM_CONVERSION = YES;
				CLANG_WARN_INFINITE_RECURSION = YES;
				CLANG_WARN_INT_CONVERSION = YES;
				CLANG_WARN_NON_LITERAL_NULL_CONVERSION = YES;
				CLANG_WARN_OBJC_IMPLICIT_RETAIN_SELF = YES;
				CLANG_WARN_OBJC_LITERAL_CONVERSION = YES;
				CLANG_WARN_OBJC_ROOT_CLASS = YES_ERROR;
				CLANG_WARN_QUOTED_INCLUDE_IN_FRAMEWORK_HEADER = YES;
				CLANG_WARN_RANGE_LOOP_ANALYSIS = YES;
				CLANG_WARN_STRICT_PROTOTYPES = YES;
				CLANG_WARN_SUSPICIOUS_MOVE = YES;
				CLANG_WARN_UNGUARDED_AVAILABILITY = YES_AGGRESSIVE;
				CLANG_WARN_UNREACHABLE_CODE = YES;
				CLANG_WARN__DUPLICATE_METHOD_MATCH = YES;
				COPY_PHASE_STRIP = NO;
				DEBUG_INFORMATION_FORMAT = dwarf;
				ENABLE_STRICT_OBJC_MSGSEND = YES;
				ENABLE_TESTABILITY = YES;
				ENABLE_USER_SCRIPT_SANDBOXING = YES;
				GCC_C_LANGUAGE_STANDARD = gnu17;
				GCC_DYNAMIC_NO_PIC = NO;
				GCC_NO_COMMON_BLOCKS = YES;
				GCC_OPTIMIZATION_LEVEL = 0;
				GCC_PREPROCESSOR_DEFINITIONS = (
					"DEBUG=1",
					"$(inherited)",
				);
				GCC_WARN_64_TO_32_BIT_CONVERSION = YES;
				GCC_WARN_ABOUT_RETURN_TYPE = YES_ERROR;
				GCC_WARN_UNDECLARED_SELECTOR = YES;
				GCC_WARN_UNINITIALIZED_AUTOS = YES_AGGRESSIVE;
				GCC_WARN_UNUSED_FUNCTION = YES;
				GCC_WARN_UNUSED_VARIABLE = YES;
				LOCALIZATION_PREFERS_STRING_CATALOGS = YES;
				MTL_ENABLE_DEBUG_INFO = INCLUDE_SOURCE;
				MTL_FAST_MATH = YES;
				ONLY_ACTIVE_ARCH = YES;
				SWIFT_ACTIVE_COMPILATION_CONDITIONS = "DEBUG $(inherited)";
				SWIFT_OPTIMIZATION_LEVEL = "-Onone";
			};
			name = Debug;
		};
		08B790102B6DBA390002DA68 /* Release */ = {
			isa = XCBuildConfiguration;
			buildSettings = {
				ALWAYS_SEARCH_USER_PATHS = NO;
				ASSETCATALOG_COMPILER_GENERATE_SWIFT_ASSET_SYMBOL_EXTENSIONS = YES;
				CLANG_ANALYZER_NONNULL = YES;
				CLANG_ANALYZER_NUMBER_OBJECT_CONVERSION = YES_AGGRESSIVE;
				CLANG_CXX_LANGUAGE_STANDARD = "gnu++20";
				CLANG_ENABLE_MODULES = YES;
				CLANG_ENABLE_OBJC_ARC = YES;
				CLANG_ENABLE_OBJC_WEAK = YES;
				CLANG_WARN_BLOCK_CAPTURE_AUTORELEASING = YES;
				CLANG_WARN_BOOL_CONVERSION = YES;
				CLANG_WARN_COMMA = YES;
				CLANG_WARN_CONSTANT_CONVERSION = YES;
				CLANG_WARN_DEPRECATED_OBJC_IMPLEMENTATIONS = YES;
				CLANG_WARN_DIRECT_OBJC_ISA_USAGE = YES_ERROR;
				CLANG_WARN_DOCUMENTATION_COMMENTS = YES;
				CLANG_WARN_EMPTY_BODY = YES;
				CLANG_WARN_ENUM_CONVERSION = YES;
				CLANG_WARN_INFINITE_RECURSION = YES;
				CLANG_WARN_INT_CONVERSION = YES;
				CLANG_WARN_NON_LITERAL_NULL_CONVERSION = YES;
				CLANG_WARN_OBJC_IMPLICIT_RETAIN_SELF = YES;
				CLANG_WARN_OBJC_LITERAL_CONVERSION = YES;
				CLANG_WARN_OBJC_ROOT_CLASS = YES_ERROR;
				CLANG_WARN_QUOTED_INCLUDE_IN_FRAMEWORK_HEADER = YES;
				CLANG_WARN_RANGE_LOOP_ANALYSIS = YES;
				CLANG_WARN_STRICT_PROTOTYPES = YES;
				CLANG_WARN_SUSPICIOUS_MOVE = YES;
				CLANG_WARN_UNGUARDED_AVAILABILITY = YES_AGGRESSIVE;
				CLANG_WARN_UNREACHABLE_CODE = YES;
				CLANG_WARN__DUPLICATE_METHOD_MATCH = YES;
				COPY_PHASE_STRIP = NO;
				DEBUG_INFORMATION_FORMAT = "dwarf-with-dsym";
				ENABLE_NS_ASSERTIONS = NO;
				ENABLE_STRICT_OBJC_MSGSEND = YES;
				ENABLE_USER_SCRIPT_SANDBOXING = YES;
				GCC_C_LANGUAGE_STANDARD = gnu17;
				GCC_NO_COMMON_BLOCKS = YES;
				GCC_WARN_64_TO_32_BIT_CONVERSION = YES;
				GCC_WARN_ABOUT_RETURN_TYPE = YES_ERROR;
				GCC_WARN_UNDECLARED_SELECTOR = YES;
				GCC_WARN_UNINITIALIZED_AUTOS = YES_AGGRESSIVE;
				GCC_WARN_UNUSED_FUNCTION = YES;
				GCC_WARN_UNUSED_VARIABLE = YES;
				LOCALIZATION_PREFERS_STRING_CATALOGS = YES;
				MTL_ENABLE_DEBUG_INFO = NO;
				MTL_FAST_MATH = YES;
				SWIFT_COMPILATION_MODE = wholemodule;
			};
			name = Release;
		};
		08B790122B6DBA390002DA68 /* Debug */ = {
			isa = XCBuildConfiguration;
			buildSettings = {
				ASSETCATALOG_COMPILER_APPICON_NAME = AppIcon;
				ASSETCATALOG_COMPILER_GLOBAL_ACCENT_COLOR_NAME = AccentColor;
				CODE_SIGN_ENTITLEMENTS = FlexSprinkle/FlexSprinkle.entitlements;
				CODE_SIGN_STYLE = Automatic;
				CURRENT_PROJECT_VERSION = 1;
				DEVELOPMENT_ASSET_PATHS = "\"FlexSprinkle/Preview Content\"";
				ENABLE_PREVIEWS = YES;
				GENERATE_INFOPLIST_FILE = YES;
				"INFOPLIST_KEY_UIApplicationSceneManifest_Generation[sdk=iphoneos*]" = YES;
				"INFOPLIST_KEY_UIApplicationSceneManifest_Generation[sdk=iphonesimulator*]" = YES;
				"INFOPLIST_KEY_UIApplicationSupportsIndirectInputEvents[sdk=iphoneos*]" = YES;
				"INFOPLIST_KEY_UIApplicationSupportsIndirectInputEvents[sdk=iphonesimulator*]" = YES;
				"INFOPLIST_KEY_UILaunchScreen_Generation[sdk=iphoneos*]" = YES;
				"INFOPLIST_KEY_UILaunchScreen_Generation[sdk=iphonesimulator*]" = YES;
				"INFOPLIST_KEY_UIStatusBarStyle[sdk=iphoneos*]" = UIStatusBarStyleDefault;
				"INFOPLIST_KEY_UIStatusBarStyle[sdk=iphonesimulator*]" = UIStatusBarStyleDefault;
				INFOPLIST_KEY_UISupportedInterfaceOrientations_iPad = "UIInterfaceOrientationPortrait UIInterfaceOrientationPortraitUpsideDown UIInterfaceOrientationLandscapeLeft UIInterfaceOrientationLandscapeRight";
				INFOPLIST_KEY_UISupportedInterfaceOrientations_iPhone = "UIInterfaceOrientationPortrait UIInterfaceOrientationLandscapeLeft UIInterfaceOrientationLandscapeRight";
				IPHONEOS_DEPLOYMENT_TARGET = 17.2;
				LD_RUNPATH_SEARCH_PATHS = "@executable_path/Frameworks";
				"LD_RUNPATH_SEARCH_PATHS[sdk=macosx*]" = "@executable_path/../Frameworks";
				MACOSX_DEPLOYMENT_TARGET = 14.0;
				MARKETING_VERSION = 1.0;
				PRODUCT_BUNDLE_IDENTIFIER = com.damiensprinkle.FlexSprinkle;
				PRODUCT_NAME = "$(TARGET_NAME)";
				SDKROOT = auto;
				SUPPORTED_PLATFORMS = "iphoneos iphonesimulator";
				SUPPORTS_MACCATALYST = NO;
				SWIFT_EMIT_LOC_STRINGS = YES;
				SWIFT_VERSION = 5.0;
				TARGETED_DEVICE_FAMILY = 1;
			};
			name = Debug;
		};
		08B790132B6DBA390002DA68 /* Release */ = {
			isa = XCBuildConfiguration;
			buildSettings = {
				ASSETCATALOG_COMPILER_APPICON_NAME = AppIcon;
				ASSETCATALOG_COMPILER_GLOBAL_ACCENT_COLOR_NAME = AccentColor;
				CODE_SIGN_ENTITLEMENTS = FlexSprinkle/FlexSprinkle.entitlements;
				CODE_SIGN_STYLE = Automatic;
				CURRENT_PROJECT_VERSION = 1;
				DEVELOPMENT_ASSET_PATHS = "\"FlexSprinkle/Preview Content\"";
				ENABLE_PREVIEWS = YES;
				GENERATE_INFOPLIST_FILE = YES;
				"INFOPLIST_KEY_UIApplicationSceneManifest_Generation[sdk=iphoneos*]" = YES;
				"INFOPLIST_KEY_UIApplicationSceneManifest_Generation[sdk=iphonesimulator*]" = YES;
				"INFOPLIST_KEY_UIApplicationSupportsIndirectInputEvents[sdk=iphoneos*]" = YES;
				"INFOPLIST_KEY_UIApplicationSupportsIndirectInputEvents[sdk=iphonesimulator*]" = YES;
				"INFOPLIST_KEY_UILaunchScreen_Generation[sdk=iphoneos*]" = YES;
				"INFOPLIST_KEY_UILaunchScreen_Generation[sdk=iphonesimulator*]" = YES;
				"INFOPLIST_KEY_UIStatusBarStyle[sdk=iphoneos*]" = UIStatusBarStyleDefault;
				"INFOPLIST_KEY_UIStatusBarStyle[sdk=iphonesimulator*]" = UIStatusBarStyleDefault;
				INFOPLIST_KEY_UISupportedInterfaceOrientations_iPad = "UIInterfaceOrientationPortrait UIInterfaceOrientationPortraitUpsideDown UIInterfaceOrientationLandscapeLeft UIInterfaceOrientationLandscapeRight";
				INFOPLIST_KEY_UISupportedInterfaceOrientations_iPhone = "UIInterfaceOrientationPortrait UIInterfaceOrientationLandscapeLeft UIInterfaceOrientationLandscapeRight";
				IPHONEOS_DEPLOYMENT_TARGET = 17.2;
				LD_RUNPATH_SEARCH_PATHS = "@executable_path/Frameworks";
				"LD_RUNPATH_SEARCH_PATHS[sdk=macosx*]" = "@executable_path/../Frameworks";
				MACOSX_DEPLOYMENT_TARGET = 14.0;
				MARKETING_VERSION = 1.0;
				PRODUCT_BUNDLE_IDENTIFIER = com.damiensprinkle.FlexSprinkle;
				PRODUCT_NAME = "$(TARGET_NAME)";
				SDKROOT = auto;
				SUPPORTED_PLATFORMS = "iphoneos iphonesimulator";
				SUPPORTS_MACCATALYST = NO;
				SWIFT_EMIT_LOC_STRINGS = YES;
				SWIFT_VERSION = 5.0;
				TARGETED_DEVICE_FAMILY = 1;
			};
			name = Release;
		};
		08B790152B6DBA390002DA68 /* Debug */ = {
			isa = XCBuildConfiguration;
			buildSettings = {
				ALWAYS_EMBED_SWIFT_STANDARD_LIBRARIES = YES;
				BUNDLE_LOADER = "$(TEST_HOST)";
				CODE_SIGN_STYLE = Automatic;
				CURRENT_PROJECT_VERSION = 1;
				GENERATE_INFOPLIST_FILE = YES;
				IPHONEOS_DEPLOYMENT_TARGET = 17.2;
				MACOSX_DEPLOYMENT_TARGET = 14.0;
				MARKETING_VERSION = 1.0;
				PRODUCT_BUNDLE_IDENTIFIER = com.damiensprinkle.FlexSprinkleTests;
				PRODUCT_NAME = "$(TARGET_NAME)";
				SDKROOT = auto;
				SUPPORTED_PLATFORMS = "iphoneos iphonesimulator macosx";
				SWIFT_EMIT_LOC_STRINGS = NO;
				SWIFT_VERSION = 5.0;
				TARGETED_DEVICE_FAMILY = "1,2";
				TEST_HOST = "$(BUILT_PRODUCTS_DIR)/FlexSprinkle.app/$(BUNDLE_EXECUTABLE_FOLDER_PATH)/FlexSprinkle";
			};
			name = Debug;
		};
		08B790162B6DBA390002DA68 /* Release */ = {
			isa = XCBuildConfiguration;
			buildSettings = {
				ALWAYS_EMBED_SWIFT_STANDARD_LIBRARIES = YES;
				BUNDLE_LOADER = "$(TEST_HOST)";
				CODE_SIGN_STYLE = Automatic;
				CURRENT_PROJECT_VERSION = 1;
				GENERATE_INFOPLIST_FILE = YES;
				IPHONEOS_DEPLOYMENT_TARGET = 17.2;
				MACOSX_DEPLOYMENT_TARGET = 14.0;
				MARKETING_VERSION = 1.0;
				PRODUCT_BUNDLE_IDENTIFIER = com.damiensprinkle.FlexSprinkleTests;
				PRODUCT_NAME = "$(TARGET_NAME)";
				SDKROOT = auto;
				SUPPORTED_PLATFORMS = "iphoneos iphonesimulator macosx";
				SWIFT_EMIT_LOC_STRINGS = NO;
				SWIFT_VERSION = 5.0;
				TARGETED_DEVICE_FAMILY = "1,2";
				TEST_HOST = "$(BUILT_PRODUCTS_DIR)/FlexSprinkle.app/$(BUNDLE_EXECUTABLE_FOLDER_PATH)/FlexSprinkle";
			};
			name = Release;
		};
		08B790182B6DBA390002DA68 /* Debug */ = {
			isa = XCBuildConfiguration;
			buildSettings = {
				ALWAYS_EMBED_SWIFT_STANDARD_LIBRARIES = YES;
				CODE_SIGN_STYLE = Automatic;
				CURRENT_PROJECT_VERSION = 1;
				GENERATE_INFOPLIST_FILE = YES;
				IPHONEOS_DEPLOYMENT_TARGET = 17.2;
				MACOSX_DEPLOYMENT_TARGET = 14.0;
				MARKETING_VERSION = 1.0;
				PRODUCT_BUNDLE_IDENTIFIER = com.damiensprinkle.FlexSprinkleUITests;
				PRODUCT_NAME = "$(TARGET_NAME)";
				SDKROOT = auto;
				SUPPORTED_PLATFORMS = "iphoneos iphonesimulator macosx";
				SWIFT_EMIT_LOC_STRINGS = NO;
				SWIFT_VERSION = 5.0;
				TARGETED_DEVICE_FAMILY = "1,2";
				TEST_TARGET_NAME = FlexSprinkle;
			};
			name = Debug;
		};
		08B790192B6DBA390002DA68 /* Release */ = {
			isa = XCBuildConfiguration;
			buildSettings = {
				ALWAYS_EMBED_SWIFT_STANDARD_LIBRARIES = YES;
				CODE_SIGN_STYLE = Automatic;
				CURRENT_PROJECT_VERSION = 1;
				GENERATE_INFOPLIST_FILE = YES;
				IPHONEOS_DEPLOYMENT_TARGET = 17.2;
				MACOSX_DEPLOYMENT_TARGET = 14.0;
				MARKETING_VERSION = 1.0;
				PRODUCT_BUNDLE_IDENTIFIER = com.damiensprinkle.FlexSprinkleUITests;
				PRODUCT_NAME = "$(TARGET_NAME)";
				SDKROOT = auto;
				SUPPORTED_PLATFORMS = "iphoneos iphonesimulator macosx";
				SWIFT_EMIT_LOC_STRINGS = NO;
				SWIFT_VERSION = 5.0;
				TARGETED_DEVICE_FAMILY = "1,2";
				TEST_TARGET_NAME = FlexSprinkle;
			};
			name = Release;
		};
/* End XCBuildConfiguration section */

/* Begin XCConfigurationList section */
		08B78FE72B6DBA370002DA68 /* Build configuration list for PBXProject "FlexSprinkle" */ = {
			isa = XCConfigurationList;
			buildConfigurations = (
				08B7900F2B6DBA390002DA68 /* Debug */,
				08B790102B6DBA390002DA68 /* Release */,
			);
			defaultConfigurationIsVisible = 0;
			defaultConfigurationName = Release;
		};
		08B790112B6DBA390002DA68 /* Build configuration list for PBXNativeTarget "FlexSprinkle" */ = {
			isa = XCConfigurationList;
			buildConfigurations = (
				08B790122B6DBA390002DA68 /* Debug */,
				08B790132B6DBA390002DA68 /* Release */,
			);
			defaultConfigurationIsVisible = 0;
			defaultConfigurationName = Release;
		};
		08B790142B6DBA390002DA68 /* Build configuration list for PBXNativeTarget "FlexSprinkleTests" */ = {
			isa = XCConfigurationList;
			buildConfigurations = (
				08B790152B6DBA390002DA68 /* Debug */,
				08B790162B6DBA390002DA68 /* Release */,
			);
			defaultConfigurationIsVisible = 0;
			defaultConfigurationName = Release;
		};
		08B790172B6DBA390002DA68 /* Build configuration list for PBXNativeTarget "FlexSprinkleUITests" */ = {
			isa = XCConfigurationList;
			buildConfigurations = (
				08B790182B6DBA390002DA68 /* Debug */,
				08B790192B6DBA390002DA68 /* Release */,
			);
			defaultConfigurationIsVisible = 0;
			defaultConfigurationName = Release;
		};
/* End XCConfigurationList section */
	};
	rootObject = 08B78FE42B6DBA370002DA68 /* Project object */;
}
